// !$*UTF8*$!
{
	archiveVersion = 1;
	classes = {
	};
	objectVersion = 55;
	objects = {

/* Begin PBXBuildFile section */
		E5A05AB626A6B7C800B1B7FC /* PurchaseXTestApp.swift in Sources */ = {isa = PBXBuildFile; fileRef = E5A05AB526A6B7C800B1B7FC /* PurchaseXTestApp.swift */; };
		E5A05AB826A6B7C800B1B7FC /* ContentView.swift in Sources */ = {isa = PBXBuildFile; fileRef = E5A05AB726A6B7C800B1B7FC /* ContentView.swift */; };
		E5A05ABA26A6B7C900B1B7FC /* Assets.xcassets in Resources */ = {isa = PBXBuildFile; fileRef = E5A05AB926A6B7C900B1B7FC /* Assets.xcassets */; };
		E5A05ABD26A6B7C900B1B7FC /* Preview Assets.xcassets in Resources */ = {isa = PBXBuildFile; fileRef = E5A05ABC26A6B7C900B1B7FC /* Preview Assets.xcassets */; };
		E5A05ACF26A80BA600B1B7FC /* StoreKit.framework in Frameworks */ = {isa = PBXBuildFile; fileRef = E5A05ACE26A80BA600B1B7FC /* StoreKit.framework */; };
		E5A05AD226A816C500B1B7FC /* Product.swift in Sources */ = {isa = PBXBuildFile; fileRef = E5A05AD126A816C500B1B7FC /* Product.swift */; };
		E5A05AD526A8174800B1B7FC /* ProductView.swift in Sources */ = {isa = PBXBuildFile; fileRef = E5A05AD426A8174800B1B7FC /* ProductView.swift */; };
/* End PBXBuildFile section */

/* Begin PBXContainerItemProxy section */
		E5A05AC726A6B7DD00B1B7FC /* PBXContainerItemProxy */ = {
			isa = PBXContainerItemProxy;
			containerPortal = E5A05AC326A6B7DD00B1B7FC /* PurchaseX.xcodeproj */;
			proxyType = 2;
			remoteGlobalIDString = E5A05A9D26A6B78900B1B7FC;
			remoteInfo = PurchaseX;
		};
/* End PBXContainerItemProxy section */

/* Begin PBXFileReference section */
		E5A05AB226A6B7C800B1B7FC /* PurchaseXTest.app */ = {isa = PBXFileReference; explicitFileType = wrapper.application; includeInIndex = 0; path = PurchaseXTest.app; sourceTree = BUILT_PRODUCTS_DIR; };
		E5A05AB526A6B7C800B1B7FC /* PurchaseXTestApp.swift */ = {isa = PBXFileReference; lastKnownFileType = sourcecode.swift; path = PurchaseXTestApp.swift; sourceTree = "<group>"; };
		E5A05AB726A6B7C800B1B7FC /* ContentView.swift */ = {isa = PBXFileReference; lastKnownFileType = sourcecode.swift; path = ContentView.swift; sourceTree = "<group>"; };
		E5A05AB926A6B7C900B1B7FC /* Assets.xcassets */ = {isa = PBXFileReference; lastKnownFileType = folder.assetcatalog; path = Assets.xcassets; sourceTree = "<group>"; };
		E5A05ABC26A6B7C900B1B7FC /* Preview Assets.xcassets */ = {isa = PBXFileReference; lastKnownFileType = folder.assetcatalog; path = "Preview Assets.xcassets"; sourceTree = "<group>"; };
		E5A05AC326A6B7DD00B1B7FC /* PurchaseX.xcodeproj */ = {isa = PBXFileReference; lastKnownFileType = "wrapper.pb-project"; name = PurchaseX.xcodeproj; path = ../PurchaseX/PurchaseX.xcodeproj; sourceTree = "<group>"; };
		E5A05ACA26A6C90900B1B7FC /* Production.storekit */ = {isa = PBXFileReference; lastKnownFileType = text; path = Production.storekit; sourceTree = "<group>"; };
		E5A05ACE26A80BA600B1B7FC /* StoreKit.framework */ = {isa = PBXFileReference; lastKnownFileType = wrapper.framework; name = StoreKit.framework; path = System/Library/Frameworks/StoreKit.framework; sourceTree = SDKROOT; };
		E5A05AD126A816C500B1B7FC /* Product.swift */ = {isa = PBXFileReference; lastKnownFileType = sourcecode.swift; path = Product.swift; sourceTree = "<group>"; };
		E5A05AD426A8174800B1B7FC /* ProductView.swift */ = {isa = PBXFileReference; lastKnownFileType = sourcecode.swift; path = ProductView.swift; sourceTree = "<group>"; };
/* End PBXFileReference section */

/* Begin PBXFrameworksBuildPhase section */
		E5A05AAF26A6B7C800B1B7FC /* Frameworks */ = {
			isa = PBXFrameworksBuildPhase;
			buildActionMask = 2147483647;
			files = (
				E5A05ACF26A80BA600B1B7FC /* StoreKit.framework in Frameworks */,
			);
			runOnlyForDeploymentPostprocessing = 0;
		};
/* End PBXFrameworksBuildPhase section */

/* Begin PBXGroup section */
		E5A05AA926A6B7C800B1B7FC = {
			isa = PBXGroup;
			children = (
				E5A05AC326A6B7DD00B1B7FC /* PurchaseX.xcodeproj */,
				E5A05AB426A6B7C800B1B7FC /* PurchaseXTest */,
				E5A05AB326A6B7C800B1B7FC /* Products */,
				E5A05ACD26A80BA600B1B7FC /* Frameworks */,
			);
			sourceTree = "<group>";
		};
		E5A05AB326A6B7C800B1B7FC /* Products */ = {
			isa = PBXGroup;
			children = (
				E5A05AB226A6B7C800B1B7FC /* PurchaseXTest.app */,
			);
			name = Products;
			sourceTree = "<group>";
		};
		E5A05AB426A6B7C800B1B7FC /* PurchaseXTest */ = {
			isa = PBXGroup;
			children = (
				E5A05AD326A8172200B1B7FC /* Views */,
				E5A05AD026A8169400B1B7FC /* Model */,
				E5A05AC926A6C8E100B1B7FC /* Configuration */,
				E5A05AB526A6B7C800B1B7FC /* PurchaseXTestApp.swift */,
				E5A05AB926A6B7C900B1B7FC /* Assets.xcassets */,
				E5A05ABB26A6B7C900B1B7FC /* Preview Content */,
			);
			path = PurchaseXTest;
			sourceTree = "<group>";
		};
		E5A05ABB26A6B7C900B1B7FC /* Preview Content */ = {
			isa = PBXGroup;
			children = (
				E5A05ABC26A6B7C900B1B7FC /* Preview Assets.xcassets */,
			);
			path = "Preview Content";
			sourceTree = "<group>";
		};
		E5A05AC426A6B7DD00B1B7FC /* Products */ = {
			isa = PBXGroup;
			children = (
				E5A05AC826A6B7DD00B1B7FC /* PurchaseX.framework */,
			);
			name = Products;
			sourceTree = "<group>";
		};
		E5A05AC926A6C8E100B1B7FC /* Configuration */ = {
			isa = PBXGroup;
			children = (
				E5A05ACA26A6C90900B1B7FC /* Production.storekit */,
			);
			path = Configuration;
			sourceTree = "<group>";
		};
		E5A05ACD26A80BA600B1B7FC /* Frameworks */ = {
			isa = PBXGroup;
			children = (
				E5A05ACE26A80BA600B1B7FC /* StoreKit.framework */,
			);
			name = Frameworks;
			sourceTree = "<group>";
		};
		E5A05AD026A8169400B1B7FC /* Model */ = {
			isa = PBXGroup;
			children = (
				E5A05AD126A816C500B1B7FC /* Product.swift */,
			);
			path = Model;
			sourceTree = "<group>";
		};
		E5A05AD326A8172200B1B7FC /* Views */ = {
			isa = PBXGroup;
			children = (
				E5A05AB726A6B7C800B1B7FC /* ContentView.swift */,
				E5A05AD426A8174800B1B7FC /* ProductView.swift */,
			);
			path = Views;
			sourceTree = "<group>";
		};
/* End PBXGroup section */

/* Begin PBXNativeTarget section */
		E5A05AB126A6B7C800B1B7FC /* PurchaseXTest */ = {
			isa = PBXNativeTarget;
			buildConfigurationList = E5A05AC026A6B7C900B1B7FC /* Build configuration list for PBXNativeTarget "PurchaseXTest" */;
			buildPhases = (
				E5A05AAE26A6B7C800B1B7FC /* Sources */,
				E5A05AAF26A6B7C800B1B7FC /* Frameworks */,
				E5A05AB026A6B7C800B1B7FC /* Resources */,
			);
			buildRules = (
			);
			dependencies = (
			);
			name = PurchaseXTest;
			productName = PurchaseXTest;
			productReference = E5A05AB226A6B7C800B1B7FC /* PurchaseXTest.app */;
			productType = "com.apple.product-type.application";
		};
/* End PBXNativeTarget section */

/* Begin PBXProject section */
		E5A05AAA26A6B7C800B1B7FC /* Project object */ = {
			isa = PBXProject;
			attributes = {
				BuildIndependentTargetsInParallel = 1;
				LastSwiftUpdateCheck = 1300;
				LastUpgradeCheck = 1300;
				TargetAttributes = {
					E5A05AB126A6B7C800B1B7FC = {
						CreatedOnToolsVersion = 13.0;
					};
				};
			};
			buildConfigurationList = E5A05AAD26A6B7C800B1B7FC /* Build configuration list for PBXProject "PurchaseXTest" */;
			compatibilityVersion = "Xcode 13.0";
			developmentRegion = en;
			hasScannedForEncodings = 0;
			knownRegions = (
				en,
				Base,
			);
			mainGroup = E5A05AA926A6B7C800B1B7FC;
			productRefGroup = E5A05AB326A6B7C800B1B7FC /* Products */;
			projectDirPath = "";
			projectReferences = (
				{
					ProductGroup = E5A05AC426A6B7DD00B1B7FC /* Products */;
					ProjectRef = E5A05AC326A6B7DD00B1B7FC /* PurchaseX.xcodeproj */;
				},
			);
			projectRoot = "";
			targets = (
				E5A05AB126A6B7C800B1B7FC /* PurchaseXTest */,
			);
		};
/* End PBXProject section */

/* Begin PBXReferenceProxy section */
		E5A05AC826A6B7DD00B1B7FC /* PurchaseX.framework */ = {
			isa = PBXReferenceProxy;
			fileType = wrapper.framework;
			path = PurchaseX.framework;
			remoteRef = E5A05AC726A6B7DD00B1B7FC /* PBXContainerItemProxy */;
			sourceTree = BUILT_PRODUCTS_DIR;
		};
/* End PBXReferenceProxy section */

/* Begin PBXResourcesBuildPhase section */
		E5A05AB026A6B7C800B1B7FC /* Resources */ = {
			isa = PBXResourcesBuildPhase;
			buildActionMask = 2147483647;
			files = (
				E5A05ABD26A6B7C900B1B7FC /* Preview Assets.xcassets in Resources */,
				E5A05ABA26A6B7C900B1B7FC /* Assets.xcassets in Resources */,
			);
			runOnlyForDeploymentPostprocessing = 0;
		};
/* End PBXResourcesBuildPhase section */

/* Begin PBXSourcesBuildPhase section */
		E5A05AAE26A6B7C800B1B7FC /* Sources */ = {
			isa = PBXSourcesBuildPhase;
			buildActionMask = 2147483647;
			files = (
				E5A05AD526A8174800B1B7FC /* ProductView.swift in Sources */,
				E5A05AB826A6B7C800B1B7FC /* ContentView.swift in Sources */,
				E5A05AB626A6B7C800B1B7FC /* PurchaseXTestApp.swift in Sources */,
				E5A05AD226A816C500B1B7FC /* Product.swift in Sources */,
			);
			runOnlyForDeploymentPostprocessing = 0;
		};
/* End PBXSourcesBuildPhase section */

/* Begin XCBuildConfiguration section */
		E5A05ABE26A6B7C900B1B7FC /* Debug */ = {
			isa = XCBuildConfiguration;
			buildSettings = {
				ALWAYS_SEARCH_USER_PATHS = NO;
				CLANG_ANALYZER_NONNULL = YES;
				CLANG_ANALYZER_NUMBER_OBJECT_CONVERSION = YES_AGGRESSIVE;
				CLANG_CXX_LANGUAGE_STANDARD = "gnu++14";
				CLANG_CXX_LIBRARY = "libc++";
				CLANG_ENABLE_MODULES = YES;
				CLANG_ENABLE_OBJC_ARC = YES;
				CLANG_ENABLE_OBJC_WEAK = YES;
				CLANG_WARN_BLOCK_CAPTURE_AUTORELEASING = YES;
				CLANG_WARN_BOOL_CONVERSION = YES;
				CLANG_WARN_COMMA = YES;
				CLANG_WARN_CONSTANT_CONVERSION = YES;
				CLANG_WARN_DEPRECATED_OBJC_IMPLEMENTATIONS = YES;
				CLANG_WARN_DIRECT_OBJC_ISA_USAGE = YES_ERROR;
				CLANG_WARN_DOCUMENTATION_COMMENTS = YES;
				CLANG_WARN_EMPTY_BODY = YES;
				CLANG_WARN_ENUM_CONVERSION = YES;
				CLANG_WARN_INFINITE_RECURSION = YES;
				CLANG_WARN_INT_CONVERSION = YES;
				CLANG_WARN_NON_LITERAL_NULL_CONVERSION = YES;
				CLANG_WARN_OBJC_IMPLICIT_RETAIN_SELF = YES;
				CLANG_WARN_OBJC_LITERAL_CONVERSION = YES;
				CLANG_WARN_OBJC_ROOT_CLASS = YES_ERROR;
				CLANG_WARN_QUOTED_INCLUDE_IN_FRAMEWORK_HEADER = YES;
				CLANG_WARN_RANGE_LOOP_ANALYSIS = YES;
				CLANG_WARN_STRICT_PROTOTYPES = YES;
				CLANG_WARN_SUSPICIOUS_MOVE = YES;
				CLANG_WARN_UNGUARDED_AVAILABILITY = YES_AGGRESSIVE;
				CLANG_WARN_UNREACHABLE_CODE = YES;
				CLANG_WARN__DUPLICATE_METHOD_MATCH = YES;
				COPY_PHASE_STRIP = NO;
				DEBUG_INFORMATION_FORMAT = dwarf;
				ENABLE_STRICT_OBJC_MSGSEND = YES;
				ENABLE_TESTABILITY = YES;
				GCC_C_LANGUAGE_STANDARD = gnu11;
				GCC_DYNAMIC_NO_PIC = NO;
				GCC_NO_COMMON_BLOCKS = YES;
				GCC_OPTIMIZATION_LEVEL = 0;
				GCC_PREPROCESSOR_DEFINITIONS = (
					"DEBUG=1",
					"$(inherited)",
				);
				GCC_WARN_64_TO_32_BIT_CONVERSION = YES;
				GCC_WARN_ABOUT_RETURN_TYPE = YES_ERROR;
				GCC_WARN_UNDECLARED_SELECTOR = YES;
				GCC_WARN_UNINITIALIZED_AUTOS = YES_AGGRESSIVE;
				GCC_WARN_UNUSED_FUNCTION = YES;
				GCC_WARN_UNUSED_VARIABLE = YES;
				IPHONEOS_DEPLOYMENT_TARGET = 15.0;
				MTL_ENABLE_DEBUG_INFO = INCLUDE_SOURCE;
				MTL_FAST_MATH = YES;
				ONLY_ACTIVE_ARCH = YES;
				SDKROOT = iphoneos;
				SWIFT_ACTIVE_COMPILATION_CONDITIONS = DEBUG;
				SWIFT_OPTIMIZATION_LEVEL = "-Onone";
			};
			name = Debug;
		};
		E5A05ABF26A6B7C900B1B7FC /* Release */ = {
			isa = XCBuildConfiguration;
			buildSettings = {
				ALWAYS_SEARCH_USER_PATHS = NO;
				CLANG_ANALYZER_NONNULL = YES;
				CLANG_ANALYZER_NUMBER_OBJECT_CONVERSION = YES_AGGRESSIVE;
				CLANG_CXX_LANGUAGE_STANDARD = "gnu++14";
				CLANG_CXX_LIBRARY = "libc++";
				CLANG_ENABLE_MODULES = YES;
				CLANG_ENABLE_OBJC_ARC = YES;
				CLANG_ENABLE_OBJC_WEAK = YES;
				CLANG_WARN_BLOCK_CAPTURE_AUTORELEASING = YES;
				CLANG_WARN_BOOL_CONVERSION = YES;
				CLANG_WARN_COMMA = YES;
				CLANG_WARN_CONSTANT_CONVERSION = YES;
				CLANG_WARN_DEPRECATED_OBJC_IMPLEMENTATIONS = YES;
				CLANG_WARN_DIRECT_OBJC_ISA_USAGE = YES_ERROR;
				CLANG_WARN_DOCUMENTATION_COMMENTS = YES;
				CLANG_WARN_EMPTY_BODY = YES;
				CLANG_WARN_ENUM_CONVERSION = YES;
				CLANG_WARN_INFINITE_RECURSION = YES;
				CLANG_WARN_INT_CONVERSION = YES;
				CLANG_WARN_NON_LITERAL_NULL_CONVERSION = YES;
				CLANG_WARN_OBJC_IMPLICIT_RETAIN_SELF = YES;
				CLANG_WARN_OBJC_LITERAL_CONVERSION = YES;
				CLANG_WARN_OBJC_ROOT_CLASS = YES_ERROR;
				CLANG_WARN_QUOTED_INCLUDE_IN_FRAMEWORK_HEADER = YES;
				CLANG_WARN_RANGE_LOOP_ANALYSIS = YES;
				CLANG_WARN_STRICT_PROTOTYPES = YES;
				CLANG_WARN_SUSPICIOUS_MOVE = YES;
				CLANG_WARN_UNGUARDED_AVAILABILITY = YES_AGGRESSIVE;
				CLANG_WARN_UNREACHABLE_CODE = YES;
				CLANG_WARN__DUPLICATE_METHOD_MATCH = YES;
				COPY_PHASE_STRIP = NO;
				DEBUG_INFORMATION_FORMAT = "dwarf-with-dsym";
				ENABLE_NS_ASSERTIONS = NO;
				ENABLE_STRICT_OBJC_MSGSEND = YES;
				GCC_C_LANGUAGE_STANDARD = gnu11;
				GCC_NO_COMMON_BLOCKS = YES;
				GCC_WARN_64_TO_32_BIT_CONVERSION = YES;
				GCC_WARN_ABOUT_RETURN_TYPE = YES_ERROR;
				GCC_WARN_UNDECLARED_SELECTOR = YES;
				GCC_WARN_UNINITIALIZED_AUTOS = YES_AGGRESSIVE;
				GCC_WARN_UNUSED_FUNCTION = YES;
				GCC_WARN_UNUSED_VARIABLE = YES;
				IPHONEOS_DEPLOYMENT_TARGET = 15.0;
				MTL_ENABLE_DEBUG_INFO = NO;
				MTL_FAST_MATH = YES;
				SDKROOT = iphoneos;
				SWIFT_COMPILATION_MODE = wholemodule;
				SWIFT_OPTIMIZATION_LEVEL = "-O";
				VALIDATE_PRODUCT = YES;
			};
			name = Release;
		};
		E5A05AC126A6B7C900B1B7FC /* Debug */ = {
			isa = XCBuildConfiguration;
			buildSettings = {
				ASSETCATALOG_COMPILER_APPICON_NAME = AppIcon;
				ASSETCATALOG_COMPILER_GLOBAL_ACCENT_COLOR_NAME = AccentColor;
				CODE_SIGN_IDENTITY = "iPhone Developer";
				CODE_SIGN_STYLE = Manual;
				CURRENT_PROJECT_VERSION = 1;
				DEVELOPMENT_ASSET_PATHS = "\"PurchaseXTest/Preview Content\"";
				DEVELOPMENT_TEAM = WSSN499SLU;
				ENABLE_PREVIEWS = YES;
				GENERATE_INFOPLIST_FILE = YES;
				INFOPLIST_KEY_UIApplicationSceneManifest_Generation = YES;
				INFOPLIST_KEY_UIApplicationSupportsIndirectInputEvents = YES;
				INFOPLIST_KEY_UILaunchScreen_Generation = YES;
				INFOPLIST_KEY_UISupportedInterfaceOrientations_iPad = "UIInterfaceOrientationPortrait UIInterfaceOrientationPortraitUpsideDown UIInterfaceOrientationLandscapeLeft UIInterfaceOrientationLandscapeRight";
				INFOPLIST_KEY_UISupportedInterfaceOrientations_iPhone = "UIInterfaceOrientationPortrait UIInterfaceOrientationLandscapeLeft UIInterfaceOrientationLandscapeRight";
				IPHONEOS_DEPLOYMENT_TARGET = 14.0;
				LD_RUNPATH_SEARCH_PATHS = (
					"$(inherited)",
					"@executable_path/Frameworks",
				);
				MARKETING_VERSION = 1.0;
				PRODUCT_BUNDLE_IDENTIFIER = com.snailgames.TestForIAP;
				PRODUCT_NAME = "$(TARGET_NAME)";
				PROVISIONING_PROFILE_SPECIFIER = TestForIAP;
				SWIFT_EMIT_LOC_STRINGS = YES;
				SWIFT_VERSION = 5.0;
				TARGETED_DEVICE_FAMILY = "1,2";
			};
			name = Debug;
		};
		E5A05AC226A6B7C900B1B7FC /* Release */ = {
			isa = XCBuildConfiguration;
			buildSettings = {
				ASSETCATALOG_COMPILER_APPICON_NAME = AppIcon;
				ASSETCATALOG_COMPILER_GLOBAL_ACCENT_COLOR_NAME = AccentColor;
				CODE_SIGN_IDENTITY = "iPhone Developer";
				CODE_SIGN_STYLE = Manual;
				CURRENT_PROJECT_VERSION = 1;
				DEVELOPMENT_ASSET_PATHS = "\"PurchaseXTest/Preview Content\"";
				DEVELOPMENT_TEAM = WSSN499SLU;
				ENABLE_PREVIEWS = YES;
				GENERATE_INFOPLIST_FILE = YES;
				INFOPLIST_KEY_UIApplicationSceneManifest_Generation = YES;
				INFOPLIST_KEY_UIApplicationSupportsIndirectInputEvents = YES;
				INFOPLIST_KEY_UILaunchScreen_Generation = YES;
				INFOPLIST_KEY_UISupportedInterfaceOrientations_iPad = "UIInterfaceOrientationPortrait UIInterfaceOrientationPortraitUpsideDown UIInterfaceOrientationLandscapeLeft UIInterfaceOrientationLandscapeRight";
				INFOPLIST_KEY_UISupportedInterfaceOrientations_iPhone = "UIInterfaceOrientationPortrait UIInterfaceOrientationLandscapeLeft UIInterfaceOrientationLandscapeRight";
				IPHONEOS_DEPLOYMENT_TARGET = 14.0;
				LD_RUNPATH_SEARCH_PATHS = (
					"$(inherited)",
					"@executable_path/Frameworks",
				);
				MARKETING_VERSION = 1.0;
				PRODUCT_BUNDLE_IDENTIFIER = com.snailgames.TestForIAP;
				PRODUCT_NAME = "$(TARGET_NAME)";
				PROVISIONING_PROFILE_SPECIFIER = TestForIAP;
				SWIFT_EMIT_LOC_STRINGS = YES;
				SWIFT_VERSION = 5.0;
				TARGETED_DEVICE_FAMILY = "1,2";
			};
			name = Release;
		};
/* End XCBuildConfiguration section */

/* Begin XCConfigurationList section */
		E5A05AAD26A6B7C800B1B7FC /* Build configuration list for PBXProject "PurchaseXTest" */ = {
			isa = XCConfigurationList;
			buildConfigurations = (
				E5A05ABE26A6B7C900B1B7FC /* Debug */,
				E5A05ABF26A6B7C900B1B7FC /* Release */,
			);
			defaultConfigurationIsVisible = 0;
			defaultConfigurationName = Release;
		};
		E5A05AC026A6B7C900B1B7FC /* Build configuration list for PBXNativeTarget "PurchaseXTest" */ = {
			isa = XCConfigurationList;
			buildConfigurations = (
				E5A05AC126A6B7C900B1B7FC /* Debug */,
				E5A05AC226A6B7C900B1B7FC /* Release */,
			);
			defaultConfigurationIsVisible = 0;
			defaultConfigurationName = Release;
		};
/* End XCConfigurationList section */
	};
	rootObject = E5A05AAA26A6B7C800B1B7FC /* Project object */;
}
