// !$*UTF8*$!
{
	archiveVersion = 1;
	classes = {
	};
	objectVersion = 55;
	objects = {

/* Begin PBXBuildFile section */
		E521872C26BA9184007EBCEA /* IAPReceipt+Load.swift in Sources */ = {isa = PBXBuildFile; fileRef = E521872B26BA9184007EBCEA /* IAPReceipt+Load.swift */; };
		E521872E26BA91DD007EBCEA /* IAPReceipt+ValidateAppleSigning.swift in Sources */ = {isa = PBXBuildFile; fileRef = E521872D26BA91DD007EBCEA /* IAPReceipt+ValidateAppleSigning.swift */; };
		E521873026BA91F7007EBCEA /* IAPReceipt+ReadReceipt.swift in Sources */ = {isa = PBXBuildFile; fileRef = E521872F26BA91F7007EBCEA /* IAPReceipt+ReadReceipt.swift */; };
		E521873226BA9219007EBCEA /* IAPReceipt+ValidateReceipt.swift in Sources */ = {isa = PBXBuildFile; fileRef = E521873126BA9219007EBCEA /* IAPReceipt+ValidateReceipt.swift */; };
		E521873426BA9B3E007EBCEA /* PurchaseXConstants.swift in Sources */ = {isa = PBXBuildFile; fileRef = E521873326BA9B3E007EBCEA /* PurchaseXConstants.swift */; };
		E521873726BBBA05007EBCEA /* IAPOpenSSL.swift in Sources */ = {isa = PBXBuildFile; fileRef = E521873626BBBA05007EBCEA /* IAPOpenSSL.swift */; };
		E521873926BBBC50007EBCEA /* IAPOpenSSLAttributeType.swift in Sources */ = {isa = PBXBuildFile; fileRef = E521873826BBBC50007EBCEA /* IAPOpenSSLAttributeType.swift */; };
		E521873B26BBBE71007EBCEA /* IAPReceiptProductInfo.swift in Sources */ = {isa = PBXBuildFile; fileRef = E521873A26BBBE71007EBCEA /* IAPReceiptProductInfo.swift */; };
		E521885126BD08E1007EBCEA /* pem2.h in Headers */ = {isa = PBXBuildFile; fileRef = E52187E426BD08E1007EBCEA /* pem2.h */; settings = {ATTRIBUTES = (Public, ); }; };
		E521885226BD08E1007EBCEA /* kdf.h in Headers */ = {isa = PBXBuildFile; fileRef = E52187E526BD08E1007EBCEA /* kdf.h */; settings = {ATTRIBUTES = (Public, ); }; };
		E521885326BD08E1007EBCEA /* pem.h in Headers */ = {isa = PBXBuildFile; fileRef = E52187E626BD08E1007EBCEA /* pem.h */; settings = {ATTRIBUTES = (Public, ); }; };
		E521885426BD08E1007EBCEA /* asyncerr.h in Headers */ = {isa = PBXBuildFile; fileRef = E52187E726BD08E1007EBCEA /* asyncerr.h */; settings = {ATTRIBUTES = (Public, ); }; };
		E521885526BD08E1007EBCEA /* md2.h in Headers */ = {isa = PBXBuildFile; fileRef = E52187E826BD08E1007EBCEA /* md2.h */; settings = {ATTRIBUTES = (Public, ); }; };
		E521885626BD08E1007EBCEA /* ssl3.h in Headers */ = {isa = PBXBuildFile; fileRef = E52187E926BD08E1007EBCEA /* ssl3.h */; settings = {ATTRIBUTES = (Public, ); }; };
		E521885726BD08E1007EBCEA /* ossl_typ.h in Headers */ = {isa = PBXBuildFile; fileRef = E52187EA26BD08E1007EBCEA /* ossl_typ.h */; settings = {ATTRIBUTES = (Public, ); }; };
		E521885826BD08E1007EBCEA /* dtls1.h in Headers */ = {isa = PBXBuildFile; fileRef = E52187EB26BD08E1007EBCEA /* dtls1.h */; settings = {ATTRIBUTES = (Public, ); }; };
		E521885926BD08E1007EBCEA /* err.h in Headers */ = {isa = PBXBuildFile; fileRef = E52187EC26BD08E1007EBCEA /* err.h */; settings = {ATTRIBUTES = (Public, ); }; };
		E521885A26BD08E1007EBCEA /* bn.h in Headers */ = {isa = PBXBuildFile; fileRef = E52187ED26BD08E1007EBCEA /* bn.h */; settings = {ATTRIBUTES = (Public, ); }; };
		E521885B26BD08E1007EBCEA /* inttypes.h in Headers */ = {isa = PBXBuildFile; fileRef = E52187EE26BD08E1007EBCEA /* inttypes.h */; settings = {ATTRIBUTES = (Public, ); }; };
		E521885C26BD08E1007EBCEA /* blowfish.h in Headers */ = {isa = PBXBuildFile; fileRef = E52187EF26BD08E1007EBCEA /* blowfish.h */; settings = {ATTRIBUTES = (Public, ); }; };
		E521885D26BD08E1007EBCEA /* cms.h in Headers */ = {isa = PBXBuildFile; fileRef = E52187F026BD08E1007EBCEA /* cms.h */; settings = {ATTRIBUTES = (Public, ); }; };
		E521885E26BD08E1007EBCEA /* engine.h in Headers */ = {isa = PBXBuildFile; fileRef = E52187F126BD08E1007EBCEA /* engine.h */; settings = {ATTRIBUTES = (Public, ); }; };
		E521885F26BD08E1007EBCEA /* conf_api.h in Headers */ = {isa = PBXBuildFile; fileRef = E52187F226BD08E1007EBCEA /* conf_api.h */; settings = {ATTRIBUTES = (Public, ); }; };
		E521886026BD08E1007EBCEA /* x509.h in Headers */ = {isa = PBXBuildFile; fileRef = E52187F326BD08E1007EBCEA /* x509.h */; settings = {ATTRIBUTES = (Public, ); }; };
		E521886126BD08E1007EBCEA /* asn1_mac.h in Headers */ = {isa = PBXBuildFile; fileRef = E52187F426BD08E1007EBCEA /* asn1_mac.h */; settings = {ATTRIBUTES = (Public, ); }; };
		E521886226BD08E1007EBCEA /* objectserr.h in Headers */ = {isa = PBXBuildFile; fileRef = E52187F526BD08E1007EBCEA /* objectserr.h */; settings = {ATTRIBUTES = (Public, ); }; };
		E521886326BD08E1007EBCEA /* cmserr.h in Headers */ = {isa = PBXBuildFile; fileRef = E52187F626BD08E1007EBCEA /* cmserr.h */; settings = {ATTRIBUTES = (Public, ); }; };
		E521886426BD08E1007EBCEA /* ui.h in Headers */ = {isa = PBXBuildFile; fileRef = E52187F726BD08E1007EBCEA /* ui.h */; settings = {ATTRIBUTES = (Public, ); }; };
		E521886526BD08E1007EBCEA /* sha.h in Headers */ = {isa = PBXBuildFile; fileRef = E52187F826BD08E1007EBCEA /* sha.h */; settings = {ATTRIBUTES = (Public, ); }; };
		E521886626BD08E1007EBCEA /* symhacks.h in Headers */ = {isa = PBXBuildFile; fileRef = E52187F926BD08E1007EBCEA /* symhacks.h */; settings = {ATTRIBUTES = (Public, ); }; };
		E521886726BD08E1007EBCEA /* asn1.h in Headers */ = {isa = PBXBuildFile; fileRef = E52187FA26BD08E1007EBCEA /* asn1.h */; settings = {ATTRIBUTES = (Public, ); }; };
		E521886826BD08E1007EBCEA /* bioerr.h in Headers */ = {isa = PBXBuildFile; fileRef = E52187FB26BD08E1007EBCEA /* bioerr.h */; settings = {ATTRIBUTES = (Public, ); }; };
		E521886926BD08E1007EBCEA /* opensslconf.h in Headers */ = {isa = PBXBuildFile; fileRef = E52187FC26BD08E1007EBCEA /* opensslconf.h */; settings = {ATTRIBUTES = (Public, ); }; };
		E521886A26BD08E1007EBCEA /* bio.h in Headers */ = {isa = PBXBuildFile; fileRef = E52187FD26BD08E1007EBCEA /* bio.h */; settings = {ATTRIBUTES = (Public, ); }; };
		E521886B26BD08E1007EBCEA /* rc2.h in Headers */ = {isa = PBXBuildFile; fileRef = E52187FE26BD08E1007EBCEA /* rc2.h */; settings = {ATTRIBUTES = (Public, ); }; };
		E521886C26BD08E1007EBCEA /* dh.h in Headers */ = {isa = PBXBuildFile; fileRef = E52187FF26BD08E1007EBCEA /* dh.h */; settings = {ATTRIBUTES = (Public, ); }; };
		E521886D26BD08E1007EBCEA /* x509v3.h in Headers */ = {isa = PBXBuildFile; fileRef = E521880026BD08E1007EBCEA /* x509v3.h */; settings = {ATTRIBUTES = (Public, ); }; };
		E521886E26BD08E1007EBCEA /* conf.h in Headers */ = {isa = PBXBuildFile; fileRef = E521880126BD08E1007EBCEA /* conf.h */; settings = {ATTRIBUTES = (Public, ); }; };
		E521886F26BD08E1007EBCEA /* rand_drbg.h in Headers */ = {isa = PBXBuildFile; fileRef = E521880226BD08E1007EBCEA /* rand_drbg.h */; settings = {ATTRIBUTES = (Public, ); }; };
		E521887026BD08E1007EBCEA /* md5.h in Headers */ = {isa = PBXBuildFile; fileRef = E521880326BD08E1007EBCEA /* md5.h */; settings = {ATTRIBUTES = (Public, ); }; };
		E521887126BD08E1007EBCEA /* pemerr.h in Headers */ = {isa = PBXBuildFile; fileRef = E521880426BD08E1007EBCEA /* pemerr.h */; settings = {ATTRIBUTES = (Public, ); }; };
		E521887226BD08E1007EBCEA /* asn1_locl.h in Headers */ = {isa = PBXBuildFile; fileRef = E521880526BD08E1007EBCEA /* asn1_locl.h */; settings = {ATTRIBUTES = (Public, ); }; };
		E521887326BD08E2007EBCEA /* x509_vfy.h in Headers */ = {isa = PBXBuildFile; fileRef = E521880626BD08E1007EBCEA /* x509_vfy.h */; settings = {ATTRIBUTES = (Public, ); }; };
		E521887426BD08E2007EBCEA /* txt_db.h in Headers */ = {isa = PBXBuildFile; fileRef = E521880726BD08E1007EBCEA /* txt_db.h */; settings = {ATTRIBUTES = (Public, ); }; };
		E521887526BD08E2007EBCEA /* comperr.h in Headers */ = {isa = PBXBuildFile; fileRef = E521880826BD08E1007EBCEA /* comperr.h */; settings = {ATTRIBUTES = (Public, ); }; };
		E521887626BD08E2007EBCEA /* cterr.h in Headers */ = {isa = PBXBuildFile; fileRef = E521880926BD08E1007EBCEA /* cterr.h */; settings = {ATTRIBUTES = (Public, ); }; };
		E521887726BD08E2007EBCEA /* safestack.h in Headers */ = {isa = PBXBuildFile; fileRef = E521880A26BD08E1007EBCEA /* safestack.h */; settings = {ATTRIBUTES = (Public, ); }; };
		E521887826BD08E2007EBCEA /* ecdsa.h in Headers */ = {isa = PBXBuildFile; fileRef = E521880B26BD08E1007EBCEA /* ecdsa.h */; settings = {ATTRIBUTES = (Public, ); }; };
		E521887926BD08E2007EBCEA /* sslerr.h in Headers */ = {isa = PBXBuildFile; fileRef = E521880C26BD08E1007EBCEA /* sslerr.h */; settings = {ATTRIBUTES = (Public, ); }; };
		E521887A26BD08E2007EBCEA /* rc5.h in Headers */ = {isa = PBXBuildFile; fileRef = E521880D26BD08E1007EBCEA /* rc5.h */; settings = {ATTRIBUTES = (Public, ); }; };
		E521887B26BD08E2007EBCEA /* uierr.h in Headers */ = {isa = PBXBuildFile; fileRef = E521880E26BD08E1007EBCEA /* uierr.h */; settings = {ATTRIBUTES = (Public, ); }; };
		E521887C26BD08E2007EBCEA /* x509v3err.h in Headers */ = {isa = PBXBuildFile; fileRef = E521880F26BD08E1007EBCEA /* x509v3err.h */; settings = {ATTRIBUTES = (Public, ); }; };
		E521887D26BD08E2007EBCEA /* objects.h in Headers */ = {isa = PBXBuildFile; fileRef = E521881026BD08E1007EBCEA /* objects.h */; settings = {ATTRIBUTES = (Public, ); }; };
		E521887E26BD08E2007EBCEA /* pkcs12.h in Headers */ = {isa = PBXBuildFile; fileRef = E521881126BD08E1007EBCEA /* pkcs12.h */; settings = {ATTRIBUTES = (Public, ); }; };
		E521887F26BD08E2007EBCEA /* crypto.h in Headers */ = {isa = PBXBuildFile; fileRef = E521881226BD08E1007EBCEA /* crypto.h */; settings = {ATTRIBUTES = (Public, ); }; };
		E521888026BD08E2007EBCEA /* opensslv.h in Headers */ = {isa = PBXBuildFile; fileRef = E521881326BD08E1007EBCEA /* opensslv.h */; settings = {ATTRIBUTES = (Public, ); }; };
		E521888126BD08E2007EBCEA /* evperr.h in Headers */ = {isa = PBXBuildFile; fileRef = E521881426BD08E1007EBCEA /* evperr.h */; settings = {ATTRIBUTES = (Public, ); }; };
		E521888226BD08E2007EBCEA /* pkcs7.h in Headers */ = {isa = PBXBuildFile; fileRef = E521881526BD08E1007EBCEA /* pkcs7.h */; settings = {ATTRIBUTES = (Public, ); }; };
		E521888326BD08E2007EBCEA /* obj_mac.h in Headers */ = {isa = PBXBuildFile; fileRef = E521881626BD08E1007EBCEA /* obj_mac.h */; settings = {ATTRIBUTES = (Public, ); }; };
		E521888426BD08E2007EBCEA /* ct.h in Headers */ = {isa = PBXBuildFile; fileRef = E521881726BD08E1007EBCEA /* ct.h */; settings = {ATTRIBUTES = (Public, ); }; };
		E521888526BD08E2007EBCEA /* async.h in Headers */ = {isa = PBXBuildFile; fileRef = E521881826BD08E1007EBCEA /* async.h */; settings = {ATTRIBUTES = (Public, ); }; };
		E521888626BD08E2007EBCEA /* buffer.h in Headers */ = {isa = PBXBuildFile; fileRef = E521881926BD08E1007EBCEA /* buffer.h */; settings = {ATTRIBUTES = (Public, ); }; };
		E521888726BD08E2007EBCEA /* ssl.h in Headers */ = {isa = PBXBuildFile; fileRef = E521881A26BD08E1007EBCEA /* ssl.h */; settings = {ATTRIBUTES = (Public, ); }; };
		E521888826BD08E2007EBCEA /* srp.h in Headers */ = {isa = PBXBuildFile; fileRef = E521881B26BD08E1007EBCEA /* srp.h */; settings = {ATTRIBUTES = (Public, ); }; };
		E521888926BD08E2007EBCEA /* camellia.h in Headers */ = {isa = PBXBuildFile; fileRef = E521881C26BD08E1007EBCEA /* camellia.h */; settings = {ATTRIBUTES = (Public, ); }; };
		E521888A26BD08E2007EBCEA /* dherr.h in Headers */ = {isa = PBXBuildFile; fileRef = E521881D26BD08E1007EBCEA /* dherr.h */; settings = {ATTRIBUTES = (Public, ); }; };
		E521888B26BD08E2007EBCEA /* evp.h in Headers */ = {isa = PBXBuildFile; fileRef = E521881E26BD08E1007EBCEA /* evp.h */; settings = {ATTRIBUTES = (Public, ); }; };
		E521888C26BD08E2007EBCEA /* e_os2.h in Headers */ = {isa = PBXBuildFile; fileRef = E521881F26BD08E1007EBCEA /* e_os2.h */; settings = {ATTRIBUTES = (Public, ); }; };
		E521888D26BD08E2007EBCEA /* md4.h in Headers */ = {isa = PBXBuildFile; fileRef = E521882026BD08E1007EBCEA /* md4.h */; settings = {ATTRIBUTES = (Public, ); }; };
		E521888E26BD08E2007EBCEA /* hmac.h in Headers */ = {isa = PBXBuildFile; fileRef = E521882126BD08E1007EBCEA /* hmac.h */; settings = {ATTRIBUTES = (Public, ); }; };
		E521888F26BD08E2007EBCEA /* aes.h in Headers */ = {isa = PBXBuildFile; fileRef = E521882226BD08E1007EBCEA /* aes.h */; settings = {ATTRIBUTES = (Public, ); }; };
		E521889026BD08E2007EBCEA /* engineerr.h in Headers */ = {isa = PBXBuildFile; fileRef = E521882326BD08E1007EBCEA /* engineerr.h */; settings = {ATTRIBUTES = (Public, ); }; };
		E521889126BD08E2007EBCEA /* comp.h in Headers */ = {isa = PBXBuildFile; fileRef = E521882426BD08E1007EBCEA /* comp.h */; settings = {ATTRIBUTES = (Public, ); }; };
		E521889226BD08E2007EBCEA /* pkcs12err.h in Headers */ = {isa = PBXBuildFile; fileRef = E521882526BD08E1007EBCEA /* pkcs12err.h */; settings = {ATTRIBUTES = (Public, ); }; };
		E521889326BD08E2007EBCEA /* cast.h in Headers */ = {isa = PBXBuildFile; fileRef = E521882626BD08E1007EBCEA /* cast.h */; settings = {ATTRIBUTES = (Public, ); }; };
		E521889426BD08E2007EBCEA /* rc4.h in Headers */ = {isa = PBXBuildFile; fileRef = E521882726BD08E1007EBCEA /* rc4.h */; settings = {ATTRIBUTES = (Public, ); }; };
		E521889526BD08E2007EBCEA /* stack.h in Headers */ = {isa = PBXBuildFile; fileRef = E521882826BD08E1007EBCEA /* stack.h */; settings = {ATTRIBUTES = (Public, ); }; };
		E521889626BD08E2007EBCEA /* des.h in Headers */ = {isa = PBXBuildFile; fileRef = E521882926BD08E1007EBCEA /* des.h */; settings = {ATTRIBUTES = (Public, ); }; };
		E521889726BD08E2007EBCEA /* ocsp.h in Headers */ = {isa = PBXBuildFile; fileRef = E521882A26BD08E1007EBCEA /* ocsp.h */; settings = {ATTRIBUTES = (Public, ); }; };
		E521889826BD08E2007EBCEA /* ec.h in Headers */ = {isa = PBXBuildFile; fileRef = E521882B26BD08E1007EBCEA /* ec.h */; settings = {ATTRIBUTES = (Public, ); }; };
		E521889926BD08E2007EBCEA /* ecdh.h in Headers */ = {isa = PBXBuildFile; fileRef = E521882C26BD08E1007EBCEA /* ecdh.h */; settings = {ATTRIBUTES = (Public, ); }; };
		E521889A26BD08E2007EBCEA /* rand.h in Headers */ = {isa = PBXBuildFile; fileRef = E521882D26BD08E1007EBCEA /* rand.h */; settings = {ATTRIBUTES = (Public, ); }; };
		E521889B26BD08E2007EBCEA /* ecerr.h in Headers */ = {isa = PBXBuildFile; fileRef = E521882E26BD08E1007EBCEA /* ecerr.h */; settings = {ATTRIBUTES = (Public, ); }; };
		E521889C26BD08E2007EBCEA /* ts.h in Headers */ = {isa = PBXBuildFile; fileRef = E521882F26BD08E1007EBCEA /* ts.h */; settings = {ATTRIBUTES = (Public, ); }; };
		E521889D26BD08E2007EBCEA /* cryptoerr.h in Headers */ = {isa = PBXBuildFile; fileRef = E521883026BD08E1007EBCEA /* cryptoerr.h */; settings = {ATTRIBUTES = (Public, ); }; };
		E521889E26BD08E2007EBCEA /* storeerr.h in Headers */ = {isa = PBXBuildFile; fileRef = E521883126BD08E1007EBCEA /* storeerr.h */; settings = {ATTRIBUTES = (Public, ); }; };
		E521889F26BD08E2007EBCEA /* buffererr.h in Headers */ = {isa = PBXBuildFile; fileRef = E521883226BD08E1007EBCEA /* buffererr.h */; settings = {ATTRIBUTES = (Public, ); }; };
		E52188A026BD08E2007EBCEA /* seed.h in Headers */ = {isa = PBXBuildFile; fileRef = E521883326BD08E1007EBCEA /* seed.h */; settings = {ATTRIBUTES = (Public, ); }; };
		E52188A126BD08E2007EBCEA /* modes.h in Headers */ = {isa = PBXBuildFile; fileRef = E521883426BD08E1007EBCEA /* modes.h */; settings = {ATTRIBUTES = (Public, ); }; };
		E52188A226BD08E2007EBCEA /* ssl2.h in Headers */ = {isa = PBXBuildFile; fileRef = E521883526BD08E1007EBCEA /* ssl2.h */; settings = {ATTRIBUTES = (Public, ); }; };
		E52188A326BD08E2007EBCEA /* tserr.h in Headers */ = {isa = PBXBuildFile; fileRef = E521883626BD08E1007EBCEA /* tserr.h */; settings = {ATTRIBUTES = (Public, ); }; };
		E52188A426BD08E2007EBCEA /* rsa.h in Headers */ = {isa = PBXBuildFile; fileRef = E521883726BD08E1007EBCEA /* rsa.h */; settings = {ATTRIBUTES = (Public, ); }; };
		E52188A526BD08E2007EBCEA /* ripemd.h in Headers */ = {isa = PBXBuildFile; fileRef = E521883826BD08E1007EBCEA /* ripemd.h */; settings = {ATTRIBUTES = (Public, ); }; };
		E52188A626BD08E2007EBCEA /* whrlpool.h in Headers */ = {isa = PBXBuildFile; fileRef = E521883926BD08E1007EBCEA /* whrlpool.h */; settings = {ATTRIBUTES = (Public, ); }; };
		E52188A726BD08E2007EBCEA /* tls1.h in Headers */ = {isa = PBXBuildFile; fileRef = E521883A26BD08E1007EBCEA /* tls1.h */; settings = {ATTRIBUTES = (Public, ); }; };
		E52188A826BD08E2007EBCEA /* rsaerr.h in Headers */ = {isa = PBXBuildFile; fileRef = E521883B26BD08E1007EBCEA /* rsaerr.h */; settings = {ATTRIBUTES = (Public, ); }; };
		E52188A926BD08E2007EBCEA /* randerr.h in Headers */ = {isa = PBXBuildFile; fileRef = E521883C26BD08E1007EBCEA /* randerr.h */; settings = {ATTRIBUTES = (Public, ); }; };
		E52188AA26BD08E2007EBCEA /* mdc2.h in Headers */ = {isa = PBXBuildFile; fileRef = E521883D26BD08E1007EBCEA /* mdc2.h */; settings = {ATTRIBUTES = (Public, ); }; };
		E52188AB26BD08E2007EBCEA /* ocsperr.h in Headers */ = {isa = PBXBuildFile; fileRef = E521883E26BD08E1007EBCEA /* ocsperr.h */; settings = {ATTRIBUTES = (Public, ); }; };
		E52188AC26BD08E2007EBCEA /* x509err.h in Headers */ = {isa = PBXBuildFile; fileRef = E521883F26BD08E1007EBCEA /* x509err.h */; settings = {ATTRIBUTES = (Public, ); }; };
		E52188AD26BD08E2007EBCEA /* pkcs7err.h in Headers */ = {isa = PBXBuildFile; fileRef = E521884026BD08E1007EBCEA /* pkcs7err.h */; settings = {ATTRIBUTES = (Public, ); }; };
		E52188AE26BD08E2007EBCEA /* dsa.h in Headers */ = {isa = PBXBuildFile; fileRef = E521884126BD08E1007EBCEA /* dsa.h */; settings = {ATTRIBUTES = (Public, ); }; };
		E52188AF26BD08E2007EBCEA /* kdferr.h in Headers */ = {isa = PBXBuildFile; fileRef = E521884226BD08E1007EBCEA /* kdferr.h */; settings = {ATTRIBUTES = (Public, ); }; };
		E52188B026BD08E2007EBCEA /* srtp.h in Headers */ = {isa = PBXBuildFile; fileRef = E521884326BD08E1007EBCEA /* srtp.h */; settings = {ATTRIBUTES = (Public, ); }; };
		E52188B126BD08E2007EBCEA /* asn1t.h in Headers */ = {isa = PBXBuildFile; fileRef = E521884426BD08E1007EBCEA /* asn1t.h */; settings = {ATTRIBUTES = (Public, ); }; };
		E52188B226BD08E2007EBCEA /* dsaerr.h in Headers */ = {isa = PBXBuildFile; fileRef = E521884526BD08E1007EBCEA /* dsaerr.h */; settings = {ATTRIBUTES = (Public, ); }; };
		E52188B326BD08E2007EBCEA /* bnerr.h in Headers */ = {isa = PBXBuildFile; fileRef = E521884626BD08E1007EBCEA /* bnerr.h */; settings = {ATTRIBUTES = (Public, ); }; };
		E52188B426BD08E2007EBCEA /* conferr.h in Headers */ = {isa = PBXBuildFile; fileRef = E521884726BD08E1007EBCEA /* conferr.h */; settings = {ATTRIBUTES = (Public, ); }; };
		E52188B526BD08E2007EBCEA /* cmac.h in Headers */ = {isa = PBXBuildFile; fileRef = E521884826BD08E1007EBCEA /* cmac.h */; settings = {ATTRIBUTES = (Public, ); }; };
		E52188B626BD08E2007EBCEA /* ebcdic.h in Headers */ = {isa = PBXBuildFile; fileRef = E521884926BD08E1007EBCEA /* ebcdic.h */; settings = {ATTRIBUTES = (Public, ); }; };
		E52188B726BD08E2007EBCEA /* store.h in Headers */ = {isa = PBXBuildFile; fileRef = E521884A26BD08E1007EBCEA /* store.h */; settings = {ATTRIBUTES = (Public, ); }; };
		E52188B826BD08E2007EBCEA /* idea.h in Headers */ = {isa = PBXBuildFile; fileRef = E521884B26BD08E1007EBCEA /* idea.h */; settings = {ATTRIBUTES = (Public, ); }; };
		E52188B926BD08E2007EBCEA /* lhash.h in Headers */ = {isa = PBXBuildFile; fileRef = E521884C26BD08E1007EBCEA /* lhash.h */; settings = {ATTRIBUTES = (Public, ); }; };
		E52188BA26BD08E2007EBCEA /* asn1err.h in Headers */ = {isa = PBXBuildFile; fileRef = E521884D26BD08E1007EBCEA /* asn1err.h */; settings = {ATTRIBUTES = (Public, ); }; };
		E52188BB26BD08E2007EBCEA /* libcrypto.a in Frameworks */ = {isa = PBXBuildFile; fileRef = E521884F26BD08E1007EBCEA /* libcrypto.a */; };
		E52188BC26BD08E2007EBCEA /* libssl.a in Frameworks */ = {isa = PBXBuildFile; fileRef = E521885026BD08E1007EBCEA /* libssl.a */; };
		E571922126AEAF9A000097A9 /* PurchaseXDelegate.swift in Sources */ = {isa = PBXBuildFile; fileRef = E571922026AEAF9A000097A9 /* PurchaseXDelegate.swift */; };
		E5A05AA226A6B78900B1B7FC /* PurchaseX.docc in Sources */ = {isa = PBXBuildFile; fileRef = E5A05AA126A6B78900B1B7FC /* PurchaseX.docc */; };
		E5A05AA326A6B78900B1B7FC /* PurchaseX.h in Headers */ = {isa = PBXBuildFile; fileRef = E5A05AA026A6B78900B1B7FC /* PurchaseX.h */; settings = {ATTRIBUTES = (Public, ); }; };
		E5A05ADC26A93E8500B1B7FC /* Configuration.swift in Sources */ = {isa = PBXBuildFile; fileRef = E5A05ADB26A93E8500B1B7FC /* Configuration.swift */; };
		E5A05ADF26A93EDC00B1B7FC /* PurchaseXManager.swift in Sources */ = {isa = PBXBuildFile; fileRef = E5A05ADE26A93EDC00B1B7FC /* PurchaseXManager.swift */; };
		E5A05AE326AA5A0E00B1B7FC /* PurchaseXState.swift in Sources */ = {isa = PBXBuildFile; fileRef = E5A05AE226AA5A0E00B1B7FC /* PurchaseXState.swift */; };
		E5A05AE626AA956200B1B7FC /* PXLog.swift in Sources */ = {isa = PBXBuildFile; fileRef = E5A05AE526AA956200B1B7FC /* PXLog.swift */; };
		E5A05AE826AA96DE00B1B7FC /* PurchaseXNotification.swift in Sources */ = {isa = PBXBuildFile; fileRef = E5A05AE726AA96DE00B1B7FC /* PurchaseXNotification.swift */; };
		E5A05AEA26AA96FA00B1B7FC /* PurchaseXException.swift in Sources */ = {isa = PBXBuildFile; fileRef = E5A05AE926AA96FA00B1B7FC /* PurchaseXException.swift */; };
		E5C7819526BA6F04008B096A /* IAPReceipt.swift in Sources */ = {isa = PBXBuildFile; fileRef = E5C7819426BA6F04008B096A /* IAPReceipt.swift */; };
/* End PBXBuildFile section */

/* Begin PBXFileReference section */
		E521872B26BA9184007EBCEA /* IAPReceipt+Load.swift */ = {isa = PBXFileReference; lastKnownFileType = sourcecode.swift; path = "IAPReceipt+Load.swift"; sourceTree = "<group>"; };
		E521872D26BA91DD007EBCEA /* IAPReceipt+ValidateAppleSigning.swift */ = {isa = PBXFileReference; lastKnownFileType = sourcecode.swift; path = "IAPReceipt+ValidateAppleSigning.swift"; sourceTree = "<group>"; };
		E521872F26BA91F7007EBCEA /* IAPReceipt+ReadReceipt.swift */ = {isa = PBXFileReference; lastKnownFileType = sourcecode.swift; path = "IAPReceipt+ReadReceipt.swift"; sourceTree = "<group>"; };
		E521873126BA9219007EBCEA /* IAPReceipt+ValidateReceipt.swift */ = {isa = PBXFileReference; lastKnownFileType = sourcecode.swift; path = "IAPReceipt+ValidateReceipt.swift"; sourceTree = "<group>"; };
		E521873326BA9B3E007EBCEA /* PurchaseXConstants.swift */ = {isa = PBXFileReference; lastKnownFileType = sourcecode.swift; path = PurchaseXConstants.swift; sourceTree = "<group>"; };
		E521873626BBBA05007EBCEA /* IAPOpenSSL.swift */ = {isa = PBXFileReference; lastKnownFileType = sourcecode.swift; path = IAPOpenSSL.swift; sourceTree = "<group>"; };
		E521873826BBBC50007EBCEA /* IAPOpenSSLAttributeType.swift */ = {isa = PBXFileReference; lastKnownFileType = sourcecode.swift; path = IAPOpenSSLAttributeType.swift; sourceTree = "<group>"; };
		E521873A26BBBE71007EBCEA /* IAPReceiptProductInfo.swift */ = {isa = PBXFileReference; lastKnownFileType = sourcecode.swift; path = IAPReceiptProductInfo.swift; sourceTree = "<group>"; };
		E52187E426BD08E1007EBCEA /* pem2.h */ = {isa = PBXFileReference; fileEncoding = 4; lastKnownFileType = sourcecode.c.h; path = pem2.h; sourceTree = "<group>"; };
		E52187E526BD08E1007EBCEA /* kdf.h */ = {isa = PBXFileReference; fileEncoding = 4; lastKnownFileType = sourcecode.c.h; path = kdf.h; sourceTree = "<group>"; };
		E52187E626BD08E1007EBCEA /* pem.h */ = {isa = PBXFileReference; fileEncoding = 4; lastKnownFileType = sourcecode.c.h; path = pem.h; sourceTree = "<group>"; };
		E52187E726BD08E1007EBCEA /* asyncerr.h */ = {isa = PBXFileReference; fileEncoding = 4; lastKnownFileType = sourcecode.c.h; path = asyncerr.h; sourceTree = "<group>"; };
		E52187E826BD08E1007EBCEA /* md2.h */ = {isa = PBXFileReference; fileEncoding = 4; lastKnownFileType = sourcecode.c.h; path = md2.h; sourceTree = "<group>"; };
		E52187E926BD08E1007EBCEA /* ssl3.h */ = {isa = PBXFileReference; fileEncoding = 4; lastKnownFileType = sourcecode.c.h; path = ssl3.h; sourceTree = "<group>"; };
		E52187EA26BD08E1007EBCEA /* ossl_typ.h */ = {isa = PBXFileReference; fileEncoding = 4; lastKnownFileType = sourcecode.c.h; path = ossl_typ.h; sourceTree = "<group>"; };
		E52187EB26BD08E1007EBCEA /* dtls1.h */ = {isa = PBXFileReference; fileEncoding = 4; lastKnownFileType = sourcecode.c.h; path = dtls1.h; sourceTree = "<group>"; };
		E52187EC26BD08E1007EBCEA /* err.h */ = {isa = PBXFileReference; fileEncoding = 4; lastKnownFileType = sourcecode.c.h; path = err.h; sourceTree = "<group>"; };
		E52187ED26BD08E1007EBCEA /* bn.h */ = {isa = PBXFileReference; fileEncoding = 4; lastKnownFileType = sourcecode.c.h; path = bn.h; sourceTree = "<group>"; };
		E52187EE26BD08E1007EBCEA /* inttypes.h */ = {isa = PBXFileReference; fileEncoding = 4; lastKnownFileType = sourcecode.c.h; path = inttypes.h; sourceTree = "<group>"; };
		E52187EF26BD08E1007EBCEA /* blowfish.h */ = {isa = PBXFileReference; fileEncoding = 4; lastKnownFileType = sourcecode.c.h; path = blowfish.h; sourceTree = "<group>"; };
		E52187F026BD08E1007EBCEA /* cms.h */ = {isa = PBXFileReference; fileEncoding = 4; lastKnownFileType = sourcecode.c.h; path = cms.h; sourceTree = "<group>"; };
		E52187F126BD08E1007EBCEA /* engine.h */ = {isa = PBXFileReference; fileEncoding = 4; lastKnownFileType = sourcecode.c.h; path = engine.h; sourceTree = "<group>"; };
		E52187F226BD08E1007EBCEA /* conf_api.h */ = {isa = PBXFileReference; fileEncoding = 4; lastKnownFileType = sourcecode.c.h; path = conf_api.h; sourceTree = "<group>"; };
		E52187F326BD08E1007EBCEA /* x509.h */ = {isa = PBXFileReference; fileEncoding = 4; lastKnownFileType = sourcecode.c.h; path = x509.h; sourceTree = "<group>"; };
		E52187F426BD08E1007EBCEA /* asn1_mac.h */ = {isa = PBXFileReference; fileEncoding = 4; lastKnownFileType = sourcecode.c.h; path = asn1_mac.h; sourceTree = "<group>"; };
		E52187F526BD08E1007EBCEA /* objectserr.h */ = {isa = PBXFileReference; fileEncoding = 4; lastKnownFileType = sourcecode.c.h; path = objectserr.h; sourceTree = "<group>"; };
		E52187F626BD08E1007EBCEA /* cmserr.h */ = {isa = PBXFileReference; fileEncoding = 4; lastKnownFileType = sourcecode.c.h; path = cmserr.h; sourceTree = "<group>"; };
		E52187F726BD08E1007EBCEA /* ui.h */ = {isa = PBXFileReference; fileEncoding = 4; lastKnownFileType = sourcecode.c.h; path = ui.h; sourceTree = "<group>"; };
		E52187F826BD08E1007EBCEA /* sha.h */ = {isa = PBXFileReference; fileEncoding = 4; lastKnownFileType = sourcecode.c.h; path = sha.h; sourceTree = "<group>"; };
		E52187F926BD08E1007EBCEA /* symhacks.h */ = {isa = PBXFileReference; fileEncoding = 4; lastKnownFileType = sourcecode.c.h; path = symhacks.h; sourceTree = "<group>"; };
		E52187FA26BD08E1007EBCEA /* asn1.h */ = {isa = PBXFileReference; fileEncoding = 4; lastKnownFileType = sourcecode.c.h; path = asn1.h; sourceTree = "<group>"; };
		E52187FB26BD08E1007EBCEA /* bioerr.h */ = {isa = PBXFileReference; fileEncoding = 4; lastKnownFileType = sourcecode.c.h; path = bioerr.h; sourceTree = "<group>"; };
		E52187FC26BD08E1007EBCEA /* opensslconf.h */ = {isa = PBXFileReference; fileEncoding = 4; lastKnownFileType = sourcecode.c.h; path = opensslconf.h; sourceTree = "<group>"; };
		E52187FD26BD08E1007EBCEA /* bio.h */ = {isa = PBXFileReference; fileEncoding = 4; lastKnownFileType = sourcecode.c.h; path = bio.h; sourceTree = "<group>"; };
		E52187FE26BD08E1007EBCEA /* rc2.h */ = {isa = PBXFileReference; fileEncoding = 4; lastKnownFileType = sourcecode.c.h; path = rc2.h; sourceTree = "<group>"; };
		E52187FF26BD08E1007EBCEA /* dh.h */ = {isa = PBXFileReference; fileEncoding = 4; lastKnownFileType = sourcecode.c.h; path = dh.h; sourceTree = "<group>"; };
		E521880026BD08E1007EBCEA /* x509v3.h */ = {isa = PBXFileReference; fileEncoding = 4; lastKnownFileType = sourcecode.c.h; path = x509v3.h; sourceTree = "<group>"; };
		E521880126BD08E1007EBCEA /* conf.h */ = {isa = PBXFileReference; fileEncoding = 4; lastKnownFileType = sourcecode.c.h; path = conf.h; sourceTree = "<group>"; };
		E521880226BD08E1007EBCEA /* rand_drbg.h */ = {isa = PBXFileReference; fileEncoding = 4; lastKnownFileType = sourcecode.c.h; path = rand_drbg.h; sourceTree = "<group>"; };
		E521880326BD08E1007EBCEA /* md5.h */ = {isa = PBXFileReference; fileEncoding = 4; lastKnownFileType = sourcecode.c.h; path = md5.h; sourceTree = "<group>"; };
		E521880426BD08E1007EBCEA /* pemerr.h */ = {isa = PBXFileReference; fileEncoding = 4; lastKnownFileType = sourcecode.c.h; path = pemerr.h; sourceTree = "<group>"; };
		E521880526BD08E1007EBCEA /* asn1_locl.h */ = {isa = PBXFileReference; fileEncoding = 4; lastKnownFileType = sourcecode.c.h; path = asn1_locl.h; sourceTree = "<group>"; };
		E521880626BD08E1007EBCEA /* x509_vfy.h */ = {isa = PBXFileReference; fileEncoding = 4; lastKnownFileType = sourcecode.c.h; path = x509_vfy.h; sourceTree = "<group>"; };
		E521880726BD08E1007EBCEA /* txt_db.h */ = {isa = PBXFileReference; fileEncoding = 4; lastKnownFileType = sourcecode.c.h; path = txt_db.h; sourceTree = "<group>"; };
		E521880826BD08E1007EBCEA /* comperr.h */ = {isa = PBXFileReference; fileEncoding = 4; lastKnownFileType = sourcecode.c.h; path = comperr.h; sourceTree = "<group>"; };
		E521880926BD08E1007EBCEA /* cterr.h */ = {isa = PBXFileReference; fileEncoding = 4; lastKnownFileType = sourcecode.c.h; path = cterr.h; sourceTree = "<group>"; };
		E521880A26BD08E1007EBCEA /* safestack.h */ = {isa = PBXFileReference; fileEncoding = 4; lastKnownFileType = sourcecode.c.h; path = safestack.h; sourceTree = "<group>"; };
		E521880B26BD08E1007EBCEA /* ecdsa.h */ = {isa = PBXFileReference; fileEncoding = 4; lastKnownFileType = sourcecode.c.h; path = ecdsa.h; sourceTree = "<group>"; };
		E521880C26BD08E1007EBCEA /* sslerr.h */ = {isa = PBXFileReference; fileEncoding = 4; lastKnownFileType = sourcecode.c.h; path = sslerr.h; sourceTree = "<group>"; };
		E521880D26BD08E1007EBCEA /* rc5.h */ = {isa = PBXFileReference; fileEncoding = 4; lastKnownFileType = sourcecode.c.h; path = rc5.h; sourceTree = "<group>"; };
		E521880E26BD08E1007EBCEA /* uierr.h */ = {isa = PBXFileReference; fileEncoding = 4; lastKnownFileType = sourcecode.c.h; path = uierr.h; sourceTree = "<group>"; };
		E521880F26BD08E1007EBCEA /* x509v3err.h */ = {isa = PBXFileReference; fileEncoding = 4; lastKnownFileType = sourcecode.c.h; path = x509v3err.h; sourceTree = "<group>"; };
		E521881026BD08E1007EBCEA /* objects.h */ = {isa = PBXFileReference; fileEncoding = 4; lastKnownFileType = sourcecode.c.h; path = objects.h; sourceTree = "<group>"; };
		E521881126BD08E1007EBCEA /* pkcs12.h */ = {isa = PBXFileReference; fileEncoding = 4; lastKnownFileType = sourcecode.c.h; path = pkcs12.h; sourceTree = "<group>"; };
		E521881226BD08E1007EBCEA /* crypto.h */ = {isa = PBXFileReference; fileEncoding = 4; lastKnownFileType = sourcecode.c.h; path = crypto.h; sourceTree = "<group>"; };
		E521881326BD08E1007EBCEA /* opensslv.h */ = {isa = PBXFileReference; fileEncoding = 4; lastKnownFileType = sourcecode.c.h; path = opensslv.h; sourceTree = "<group>"; };
		E521881426BD08E1007EBCEA /* evperr.h */ = {isa = PBXFileReference; fileEncoding = 4; lastKnownFileType = sourcecode.c.h; path = evperr.h; sourceTree = "<group>"; };
		E521881526BD08E1007EBCEA /* pkcs7.h */ = {isa = PBXFileReference; fileEncoding = 4; lastKnownFileType = sourcecode.c.h; path = pkcs7.h; sourceTree = "<group>"; };
		E521881626BD08E1007EBCEA /* obj_mac.h */ = {isa = PBXFileReference; fileEncoding = 4; lastKnownFileType = sourcecode.c.h; path = obj_mac.h; sourceTree = "<group>"; };
		E521881726BD08E1007EBCEA /* ct.h */ = {isa = PBXFileReference; fileEncoding = 4; lastKnownFileType = sourcecode.c.h; path = ct.h; sourceTree = "<group>"; };
		E521881826BD08E1007EBCEA /* async.h */ = {isa = PBXFileReference; fileEncoding = 4; lastKnownFileType = sourcecode.c.h; path = async.h; sourceTree = "<group>"; };
		E521881926BD08E1007EBCEA /* buffer.h */ = {isa = PBXFileReference; fileEncoding = 4; lastKnownFileType = sourcecode.c.h; path = buffer.h; sourceTree = "<group>"; };
		E521881A26BD08E1007EBCEA /* ssl.h */ = {isa = PBXFileReference; fileEncoding = 4; lastKnownFileType = sourcecode.c.h; path = ssl.h; sourceTree = "<group>"; };
		E521881B26BD08E1007EBCEA /* srp.h */ = {isa = PBXFileReference; fileEncoding = 4; lastKnownFileType = sourcecode.c.h; path = srp.h; sourceTree = "<group>"; };
		E521881C26BD08E1007EBCEA /* camellia.h */ = {isa = PBXFileReference; fileEncoding = 4; lastKnownFileType = sourcecode.c.h; path = camellia.h; sourceTree = "<group>"; };
		E521881D26BD08E1007EBCEA /* dherr.h */ = {isa = PBXFileReference; fileEncoding = 4; lastKnownFileType = sourcecode.c.h; path = dherr.h; sourceTree = "<group>"; };
		E521881E26BD08E1007EBCEA /* evp.h */ = {isa = PBXFileReference; fileEncoding = 4; lastKnownFileType = sourcecode.c.h; path = evp.h; sourceTree = "<group>"; };
		E521881F26BD08E1007EBCEA /* e_os2.h */ = {isa = PBXFileReference; fileEncoding = 4; lastKnownFileType = sourcecode.c.h; path = e_os2.h; sourceTree = "<group>"; };
		E521882026BD08E1007EBCEA /* md4.h */ = {isa = PBXFileReference; fileEncoding = 4; lastKnownFileType = sourcecode.c.h; path = md4.h; sourceTree = "<group>"; };
		E521882126BD08E1007EBCEA /* hmac.h */ = {isa = PBXFileReference; fileEncoding = 4; lastKnownFileType = sourcecode.c.h; path = hmac.h; sourceTree = "<group>"; };
		E521882226BD08E1007EBCEA /* aes.h */ = {isa = PBXFileReference; fileEncoding = 4; lastKnownFileType = sourcecode.c.h; path = aes.h; sourceTree = "<group>"; };
		E521882326BD08E1007EBCEA /* engineerr.h */ = {isa = PBXFileReference; fileEncoding = 4; lastKnownFileType = sourcecode.c.h; path = engineerr.h; sourceTree = "<group>"; };
		E521882426BD08E1007EBCEA /* comp.h */ = {isa = PBXFileReference; fileEncoding = 4; lastKnownFileType = sourcecode.c.h; path = comp.h; sourceTree = "<group>"; };
		E521882526BD08E1007EBCEA /* pkcs12err.h */ = {isa = PBXFileReference; fileEncoding = 4; lastKnownFileType = sourcecode.c.h; path = pkcs12err.h; sourceTree = "<group>"; };
		E521882626BD08E1007EBCEA /* cast.h */ = {isa = PBXFileReference; fileEncoding = 4; lastKnownFileType = sourcecode.c.h; path = cast.h; sourceTree = "<group>"; };
		E521882726BD08E1007EBCEA /* rc4.h */ = {isa = PBXFileReference; fileEncoding = 4; lastKnownFileType = sourcecode.c.h; path = rc4.h; sourceTree = "<group>"; };
		E521882826BD08E1007EBCEA /* stack.h */ = {isa = PBXFileReference; fileEncoding = 4; lastKnownFileType = sourcecode.c.h; path = stack.h; sourceTree = "<group>"; };
		E521882926BD08E1007EBCEA /* des.h */ = {isa = PBXFileReference; fileEncoding = 4; lastKnownFileType = sourcecode.c.h; path = des.h; sourceTree = "<group>"; };
		E521882A26BD08E1007EBCEA /* ocsp.h */ = {isa = PBXFileReference; fileEncoding = 4; lastKnownFileType = sourcecode.c.h; path = ocsp.h; sourceTree = "<group>"; };
		E521882B26BD08E1007EBCEA /* ec.h */ = {isa = PBXFileReference; fileEncoding = 4; lastKnownFileType = sourcecode.c.h; path = ec.h; sourceTree = "<group>"; };
		E521882C26BD08E1007EBCEA /* ecdh.h */ = {isa = PBXFileReference; fileEncoding = 4; lastKnownFileType = sourcecode.c.h; path = ecdh.h; sourceTree = "<group>"; };
		E521882D26BD08E1007EBCEA /* rand.h */ = {isa = PBXFileReference; fileEncoding = 4; lastKnownFileType = sourcecode.c.h; path = rand.h; sourceTree = "<group>"; };
		E521882E26BD08E1007EBCEA /* ecerr.h */ = {isa = PBXFileReference; fileEncoding = 4; lastKnownFileType = sourcecode.c.h; path = ecerr.h; sourceTree = "<group>"; };
		E521882F26BD08E1007EBCEA /* ts.h */ = {isa = PBXFileReference; fileEncoding = 4; lastKnownFileType = sourcecode.c.h; path = ts.h; sourceTree = "<group>"; };
		E521883026BD08E1007EBCEA /* cryptoerr.h */ = {isa = PBXFileReference; fileEncoding = 4; lastKnownFileType = sourcecode.c.h; path = cryptoerr.h; sourceTree = "<group>"; };
		E521883126BD08E1007EBCEA /* storeerr.h */ = {isa = PBXFileReference; fileEncoding = 4; lastKnownFileType = sourcecode.c.h; path = storeerr.h; sourceTree = "<group>"; };
		E521883226BD08E1007EBCEA /* buffererr.h */ = {isa = PBXFileReference; fileEncoding = 4; lastKnownFileType = sourcecode.c.h; path = buffererr.h; sourceTree = "<group>"; };
		E521883326BD08E1007EBCEA /* seed.h */ = {isa = PBXFileReference; fileEncoding = 4; lastKnownFileType = sourcecode.c.h; path = seed.h; sourceTree = "<group>"; };
		E521883426BD08E1007EBCEA /* modes.h */ = {isa = PBXFileReference; fileEncoding = 4; lastKnownFileType = sourcecode.c.h; path = modes.h; sourceTree = "<group>"; };
		E521883526BD08E1007EBCEA /* ssl2.h */ = {isa = PBXFileReference; fileEncoding = 4; lastKnownFileType = sourcecode.c.h; path = ssl2.h; sourceTree = "<group>"; };
		E521883626BD08E1007EBCEA /* tserr.h */ = {isa = PBXFileReference; fileEncoding = 4; lastKnownFileType = sourcecode.c.h; path = tserr.h; sourceTree = "<group>"; };
		E521883726BD08E1007EBCEA /* rsa.h */ = {isa = PBXFileReference; fileEncoding = 4; lastKnownFileType = sourcecode.c.h; path = rsa.h; sourceTree = "<group>"; };
		E521883826BD08E1007EBCEA /* ripemd.h */ = {isa = PBXFileReference; fileEncoding = 4; lastKnownFileType = sourcecode.c.h; path = ripemd.h; sourceTree = "<group>"; };
		E521883926BD08E1007EBCEA /* whrlpool.h */ = {isa = PBXFileReference; fileEncoding = 4; lastKnownFileType = sourcecode.c.h; path = whrlpool.h; sourceTree = "<group>"; };
		E521883A26BD08E1007EBCEA /* tls1.h */ = {isa = PBXFileReference; fileEncoding = 4; lastKnownFileType = sourcecode.c.h; path = tls1.h; sourceTree = "<group>"; };
		E521883B26BD08E1007EBCEA /* rsaerr.h */ = {isa = PBXFileReference; fileEncoding = 4; lastKnownFileType = sourcecode.c.h; path = rsaerr.h; sourceTree = "<group>"; };
		E521883C26BD08E1007EBCEA /* randerr.h */ = {isa = PBXFileReference; fileEncoding = 4; lastKnownFileType = sourcecode.c.h; path = randerr.h; sourceTree = "<group>"; };
		E521883D26BD08E1007EBCEA /* mdc2.h */ = {isa = PBXFileReference; fileEncoding = 4; lastKnownFileType = sourcecode.c.h; path = mdc2.h; sourceTree = "<group>"; };
		E521883E26BD08E1007EBCEA /* ocsperr.h */ = {isa = PBXFileReference; fileEncoding = 4; lastKnownFileType = sourcecode.c.h; path = ocsperr.h; sourceTree = "<group>"; };
		E521883F26BD08E1007EBCEA /* x509err.h */ = {isa = PBXFileReference; fileEncoding = 4; lastKnownFileType = sourcecode.c.h; path = x509err.h; sourceTree = "<group>"; };
		E521884026BD08E1007EBCEA /* pkcs7err.h */ = {isa = PBXFileReference; fileEncoding = 4; lastKnownFileType = sourcecode.c.h; path = pkcs7err.h; sourceTree = "<group>"; };
		E521884126BD08E1007EBCEA /* dsa.h */ = {isa = PBXFileReference; fileEncoding = 4; lastKnownFileType = sourcecode.c.h; path = dsa.h; sourceTree = "<group>"; };
		E521884226BD08E1007EBCEA /* kdferr.h */ = {isa = PBXFileReference; fileEncoding = 4; lastKnownFileType = sourcecode.c.h; path = kdferr.h; sourceTree = "<group>"; };
		E521884326BD08E1007EBCEA /* srtp.h */ = {isa = PBXFileReference; fileEncoding = 4; lastKnownFileType = sourcecode.c.h; path = srtp.h; sourceTree = "<group>"; };
		E521884426BD08E1007EBCEA /* asn1t.h */ = {isa = PBXFileReference; fileEncoding = 4; lastKnownFileType = sourcecode.c.h; path = asn1t.h; sourceTree = "<group>"; };
		E521884526BD08E1007EBCEA /* dsaerr.h */ = {isa = PBXFileReference; fileEncoding = 4; lastKnownFileType = sourcecode.c.h; path = dsaerr.h; sourceTree = "<group>"; };
		E521884626BD08E1007EBCEA /* bnerr.h */ = {isa = PBXFileReference; fileEncoding = 4; lastKnownFileType = sourcecode.c.h; path = bnerr.h; sourceTree = "<group>"; };
		E521884726BD08E1007EBCEA /* conferr.h */ = {isa = PBXFileReference; fileEncoding = 4; lastKnownFileType = sourcecode.c.h; path = conferr.h; sourceTree = "<group>"; };
		E521884826BD08E1007EBCEA /* cmac.h */ = {isa = PBXFileReference; fileEncoding = 4; lastKnownFileType = sourcecode.c.h; path = cmac.h; sourceTree = "<group>"; };
		E521884926BD08E1007EBCEA /* ebcdic.h */ = {isa = PBXFileReference; fileEncoding = 4; lastKnownFileType = sourcecode.c.h; path = ebcdic.h; sourceTree = "<group>"; };
		E521884A26BD08E1007EBCEA /* store.h */ = {isa = PBXFileReference; fileEncoding = 4; lastKnownFileType = sourcecode.c.h; path = store.h; sourceTree = "<group>"; };
		E521884B26BD08E1007EBCEA /* idea.h */ = {isa = PBXFileReference; fileEncoding = 4; lastKnownFileType = sourcecode.c.h; path = idea.h; sourceTree = "<group>"; };
		E521884C26BD08E1007EBCEA /* lhash.h */ = {isa = PBXFileReference; fileEncoding = 4; lastKnownFileType = sourcecode.c.h; path = lhash.h; sourceTree = "<group>"; };
		E521884D26BD08E1007EBCEA /* asn1err.h */ = {isa = PBXFileReference; fileEncoding = 4; lastKnownFileType = sourcecode.c.h; path = asn1err.h; sourceTree = "<group>"; };
		E521884F26BD08E1007EBCEA /* libcrypto.a */ = {isa = PBXFileReference; lastKnownFileType = archive.ar; path = libcrypto.a; sourceTree = "<group>"; };
		E521885026BD08E1007EBCEA /* libssl.a */ = {isa = PBXFileReference; lastKnownFileType = archive.ar; path = libssl.a; sourceTree = "<group>"; };
		E571922026AEAF9A000097A9 /* PurchaseXDelegate.swift */ = {isa = PBXFileReference; lastKnownFileType = sourcecode.swift; path = PurchaseXDelegate.swift; sourceTree = "<group>"; };
		E5A05A9D26A6B78900B1B7FC /* PurchaseX.framework */ = {isa = PBXFileReference; explicitFileType = wrapper.framework; includeInIndex = 0; path = PurchaseX.framework; sourceTree = BUILT_PRODUCTS_DIR; };
		E5A05AA026A6B78900B1B7FC /* PurchaseX.h */ = {isa = PBXFileReference; lastKnownFileType = sourcecode.c.h; path = PurchaseX.h; sourceTree = "<group>"; };
		E5A05AA126A6B78900B1B7FC /* PurchaseX.docc */ = {isa = PBXFileReference; lastKnownFileType = folder.documentationcatalog; path = PurchaseX.docc; sourceTree = "<group>"; };
		E5A05ADB26A93E8500B1B7FC /* Configuration.swift */ = {isa = PBXFileReference; lastKnownFileType = sourcecode.swift; path = Configuration.swift; sourceTree = "<group>"; };
		E5A05ADE26A93EDC00B1B7FC /* PurchaseXManager.swift */ = {isa = PBXFileReference; lastKnownFileType = sourcecode.swift; path = PurchaseXManager.swift; sourceTree = "<group>"; };
		E5A05AE226AA5A0E00B1B7FC /* PurchaseXState.swift */ = {isa = PBXFileReference; lastKnownFileType = sourcecode.swift; path = PurchaseXState.swift; sourceTree = "<group>"; };
		E5A05AE526AA956200B1B7FC /* PXLog.swift */ = {isa = PBXFileReference; lastKnownFileType = sourcecode.swift; path = PXLog.swift; sourceTree = "<group>"; };
		E5A05AE726AA96DE00B1B7FC /* PurchaseXNotification.swift */ = {isa = PBXFileReference; lastKnownFileType = sourcecode.swift; path = PurchaseXNotification.swift; sourceTree = "<group>"; };
		E5A05AE926AA96FA00B1B7FC /* PurchaseXException.swift */ = {isa = PBXFileReference; lastKnownFileType = sourcecode.swift; path = PurchaseXException.swift; sourceTree = "<group>"; };
		E5C7819426BA6F04008B096A /* IAPReceipt.swift */ = {isa = PBXFileReference; lastKnownFileType = sourcecode.swift; path = IAPReceipt.swift; sourceTree = "<group>"; };
/* End PBXFileReference section */

/* Begin PBXFrameworksBuildPhase section */
		E5A05A9A26A6B78900B1B7FC /* Frameworks */ = {
			isa = PBXFrameworksBuildPhase;
			buildActionMask = 2147483647;
			files = (
				E52188BC26BD08E2007EBCEA /* libssl.a in Frameworks */,
				E52188BB26BD08E2007EBCEA /* libcrypto.a in Frameworks */,
			);
			runOnlyForDeploymentPostprocessing = 0;
		};
/* End PBXFrameworksBuildPhase section */

/* Begin PBXGroup section */
		E52187E226BD08E1007EBCEA /* lib */ = {
			isa = PBXGroup;
			children = (
				E52187E326BD08E1007EBCEA /* openssl-include */,
				E521884E26BD08E1007EBCEA /* openssl-lib */,
			);
			path = lib;
			sourceTree = "<group>";
		};
		E52187E326BD08E1007EBCEA /* openssl-include */ = {
			isa = PBXGroup;
			children = (
				E52187E426BD08E1007EBCEA /* pem2.h */,
				E52187E526BD08E1007EBCEA /* kdf.h */,
				E52187E626BD08E1007EBCEA /* pem.h */,
				E52187E726BD08E1007EBCEA /* asyncerr.h */,
				E52187E826BD08E1007EBCEA /* md2.h */,
				E52187E926BD08E1007EBCEA /* ssl3.h */,
				E52187EA26BD08E1007EBCEA /* ossl_typ.h */,
				E52187EB26BD08E1007EBCEA /* dtls1.h */,
				E52187EC26BD08E1007EBCEA /* err.h */,
				E52187ED26BD08E1007EBCEA /* bn.h */,
				E52187EE26BD08E1007EBCEA /* inttypes.h */,
				E52187EF26BD08E1007EBCEA /* blowfish.h */,
				E52187F026BD08E1007EBCEA /* cms.h */,
				E52187F126BD08E1007EBCEA /* engine.h */,
				E52187F226BD08E1007EBCEA /* conf_api.h */,
				E52187F326BD08E1007EBCEA /* x509.h */,
				E52187F426BD08E1007EBCEA /* asn1_mac.h */,
				E52187F526BD08E1007EBCEA /* objectserr.h */,
				E52187F626BD08E1007EBCEA /* cmserr.h */,
				E52187F726BD08E1007EBCEA /* ui.h */,
				E52187F826BD08E1007EBCEA /* sha.h */,
				E52187F926BD08E1007EBCEA /* symhacks.h */,
				E52187FA26BD08E1007EBCEA /* asn1.h */,
				E52187FB26BD08E1007EBCEA /* bioerr.h */,
				E52187FC26BD08E1007EBCEA /* opensslconf.h */,
				E52187FD26BD08E1007EBCEA /* bio.h */,
				E52187FE26BD08E1007EBCEA /* rc2.h */,
				E52187FF26BD08E1007EBCEA /* dh.h */,
				E521880026BD08E1007EBCEA /* x509v3.h */,
				E521880126BD08E1007EBCEA /* conf.h */,
				E521880226BD08E1007EBCEA /* rand_drbg.h */,
				E521880326BD08E1007EBCEA /* md5.h */,
				E521880426BD08E1007EBCEA /* pemerr.h */,
				E521880526BD08E1007EBCEA /* asn1_locl.h */,
				E521880626BD08E1007EBCEA /* x509_vfy.h */,
				E521880726BD08E1007EBCEA /* txt_db.h */,
				E521880826BD08E1007EBCEA /* comperr.h */,
				E521880926BD08E1007EBCEA /* cterr.h */,
				E521880A26BD08E1007EBCEA /* safestack.h */,
				E521880B26BD08E1007EBCEA /* ecdsa.h */,
				E521880C26BD08E1007EBCEA /* sslerr.h */,
				E521880D26BD08E1007EBCEA /* rc5.h */,
				E521880E26BD08E1007EBCEA /* uierr.h */,
				E521880F26BD08E1007EBCEA /* x509v3err.h */,
				E521881026BD08E1007EBCEA /* objects.h */,
				E521881126BD08E1007EBCEA /* pkcs12.h */,
				E521881226BD08E1007EBCEA /* crypto.h */,
				E521881326BD08E1007EBCEA /* opensslv.h */,
				E521881426BD08E1007EBCEA /* evperr.h */,
				E521881526BD08E1007EBCEA /* pkcs7.h */,
				E521881626BD08E1007EBCEA /* obj_mac.h */,
				E521881726BD08E1007EBCEA /* ct.h */,
				E521881826BD08E1007EBCEA /* async.h */,
				E521881926BD08E1007EBCEA /* buffer.h */,
				E521881A26BD08E1007EBCEA /* ssl.h */,
				E521881B26BD08E1007EBCEA /* srp.h */,
				E521881C26BD08E1007EBCEA /* camellia.h */,
				E521881D26BD08E1007EBCEA /* dherr.h */,
				E521881E26BD08E1007EBCEA /* evp.h */,
				E521881F26BD08E1007EBCEA /* e_os2.h */,
				E521882026BD08E1007EBCEA /* md4.h */,
				E521882126BD08E1007EBCEA /* hmac.h */,
				E521882226BD08E1007EBCEA /* aes.h */,
				E521882326BD08E1007EBCEA /* engineerr.h */,
				E521882426BD08E1007EBCEA /* comp.h */,
				E521882526BD08E1007EBCEA /* pkcs12err.h */,
				E521882626BD08E1007EBCEA /* cast.h */,
				E521882726BD08E1007EBCEA /* rc4.h */,
				E521882826BD08E1007EBCEA /* stack.h */,
				E521882926BD08E1007EBCEA /* des.h */,
				E521882A26BD08E1007EBCEA /* ocsp.h */,
				E521882B26BD08E1007EBCEA /* ec.h */,
				E521882C26BD08E1007EBCEA /* ecdh.h */,
				E521882D26BD08E1007EBCEA /* rand.h */,
				E521882E26BD08E1007EBCEA /* ecerr.h */,
				E521882F26BD08E1007EBCEA /* ts.h */,
				E521883026BD08E1007EBCEA /* cryptoerr.h */,
				E521883126BD08E1007EBCEA /* storeerr.h */,
				E521883226BD08E1007EBCEA /* buffererr.h */,
				E521883326BD08E1007EBCEA /* seed.h */,
				E521883426BD08E1007EBCEA /* modes.h */,
				E521883526BD08E1007EBCEA /* ssl2.h */,
				E521883626BD08E1007EBCEA /* tserr.h */,
				E521883726BD08E1007EBCEA /* rsa.h */,
				E521883826BD08E1007EBCEA /* ripemd.h */,
				E521883926BD08E1007EBCEA /* whrlpool.h */,
				E521883A26BD08E1007EBCEA /* tls1.h */,
				E521883B26BD08E1007EBCEA /* rsaerr.h */,
				E521883C26BD08E1007EBCEA /* randerr.h */,
				E521883D26BD08E1007EBCEA /* mdc2.h */,
				E521883E26BD08E1007EBCEA /* ocsperr.h */,
				E521883F26BD08E1007EBCEA /* x509err.h */,
				E521884026BD08E1007EBCEA /* pkcs7err.h */,
				E521884126BD08E1007EBCEA /* dsa.h */,
				E521884226BD08E1007EBCEA /* kdferr.h */,
				E521884326BD08E1007EBCEA /* srtp.h */,
				E521884426BD08E1007EBCEA /* asn1t.h */,
				E521884526BD08E1007EBCEA /* dsaerr.h */,
				E521884626BD08E1007EBCEA /* bnerr.h */,
				E521884726BD08E1007EBCEA /* conferr.h */,
				E521884826BD08E1007EBCEA /* cmac.h */,
				E521884926BD08E1007EBCEA /* ebcdic.h */,
				E521884A26BD08E1007EBCEA /* store.h */,
				E521884B26BD08E1007EBCEA /* idea.h */,
				E521884C26BD08E1007EBCEA /* lhash.h */,
				E521884D26BD08E1007EBCEA /* asn1err.h */,
			);
			path = "openssl-include";
			sourceTree = "<group>";
		};
		E521884E26BD08E1007EBCEA /* openssl-lib */ = {
			isa = PBXGroup;
			children = (
				E521884F26BD08E1007EBCEA /* libcrypto.a */,
				E521885026BD08E1007EBCEA /* libssl.a */,
			);
			path = "openssl-lib";
			sourceTree = "<group>";
		};
		E5A05A9326A6B78900B1B7FC = {
			isa = PBXGroup;
			children = (
				E5A05A9F26A6B78900B1B7FC /* PurchaseX */,
				E5A05A9E26A6B78900B1B7FC /* Products */,
			);
			sourceTree = "<group>";
		};
		E5A05A9E26A6B78900B1B7FC /* Products */ = {
			isa = PBXGroup;
			children = (
				E5A05A9D26A6B78900B1B7FC /* PurchaseX.framework */,
			);
			name = Products;
			sourceTree = "<group>";
		};
		E5A05A9F26A6B78900B1B7FC /* PurchaseX */ = {
			isa = PBXGroup;
			children = (
				E52187E226BD08E1007EBCEA /* lib */,
				E5A05ADD26A93EA100B1B7FC /* PurchaseXHelper */,
				E5A05ADA26A93E5B00B1B7FC /* Util */,
				E5A05AA026A6B78900B1B7FC /* PurchaseX.h */,
				E5A05AA126A6B78900B1B7FC /* PurchaseX.docc */,
			);
			path = PurchaseX;
			sourceTree = "<group>";
		};
		E5A05ADA26A93E5B00B1B7FC /* Util */ = {
			isa = PBXGroup;
			children = (
				E5A05ADB26A93E8500B1B7FC /* Configuration.swift */,
				E5A05AE526AA956200B1B7FC /* PXLog.swift */,
			);
			path = Util;
			sourceTree = "<group>";
		};
		E5A05ADD26A93EA100B1B7FC /* PurchaseXHelper */ = {
			isa = PBXGroup;
			children = (
				E5C7819326BA6ED2008B096A /* ReceiptValidate */,
				E5A05ADE26A93EDC00B1B7FC /* PurchaseXManager.swift */,
				E5A05AE226AA5A0E00B1B7FC /* PurchaseXState.swift */,
				E5A05AE726AA96DE00B1B7FC /* PurchaseXNotification.swift */,
				E5A05AE926AA96FA00B1B7FC /* PurchaseXException.swift */,
				E571922026AEAF9A000097A9 /* PurchaseXDelegate.swift */,
				E521873326BA9B3E007EBCEA /* PurchaseXConstants.swift */,
			);
			path = PurchaseXHelper;
			sourceTree = "<group>";
		};
		E5C7819326BA6ED2008B096A /* ReceiptValidate */ = {
			isa = PBXGroup;
			children = (
				E5C7819426BA6F04008B096A /* IAPReceipt.swift */,
				E521872B26BA9184007EBCEA /* IAPReceipt+Load.swift */,
				E521872D26BA91DD007EBCEA /* IAPReceipt+ValidateAppleSigning.swift */,
				E521872F26BA91F7007EBCEA /* IAPReceipt+ReadReceipt.swift */,
				E521873126BA9219007EBCEA /* IAPReceipt+ValidateReceipt.swift */,
				E521873626BBBA05007EBCEA /* IAPOpenSSL.swift */,
				E521873826BBBC50007EBCEA /* IAPOpenSSLAttributeType.swift */,
				E521873A26BBBE71007EBCEA /* IAPReceiptProductInfo.swift */,
			);
			path = ReceiptValidate;
			sourceTree = "<group>";
		};
/* End PBXGroup section */

/* Begin PBXHeadersBuildPhase section */
		E5A05A9826A6B78900B1B7FC /* Headers */ = {
			isa = PBXHeadersBuildPhase;
			buildActionMask = 2147483647;
			files = (
				E521887026BD08E1007EBCEA /* md5.h in Headers */,
				E52188A926BD08E2007EBCEA /* randerr.h in Headers */,
				E52188B026BD08E2007EBCEA /* srtp.h in Headers */,
				E521889E26BD08E2007EBCEA /* storeerr.h in Headers */,
				E521885D26BD08E1007EBCEA /* cms.h in Headers */,
				E521886D26BD08E1007EBCEA /* x509v3.h in Headers */,
				E521885A26BD08E1007EBCEA /* bn.h in Headers */,
				E52188A526BD08E2007EBCEA /* ripemd.h in Headers */,
				E521887826BD08E2007EBCEA /* ecdsa.h in Headers */,
				E521889526BD08E2007EBCEA /* stack.h in Headers */,
				E521885926BD08E1007EBCEA /* err.h in Headers */,
				E521888226BD08E2007EBCEA /* pkcs7.h in Headers */,
				E521886F26BD08E1007EBCEA /* rand_drbg.h in Headers */,
				E521885E26BD08E1007EBCEA /* engine.h in Headers */,
				E521885826BD08E1007EBCEA /* dtls1.h in Headers */,
				E521885526BD08E1007EBCEA /* md2.h in Headers */,
				E521886B26BD08E1007EBCEA /* rc2.h in Headers */,
				E521888826BD08E2007EBCEA /* srp.h in Headers */,
				E52188B326BD08E2007EBCEA /* bnerr.h in Headers */,
				E52188AE26BD08E2007EBCEA /* dsa.h in Headers */,
				E52188B826BD08E2007EBCEA /* idea.h in Headers */,
				E521887A26BD08E2007EBCEA /* rc5.h in Headers */,
				E521886326BD08E1007EBCEA /* cmserr.h in Headers */,
				E521885226BD08E1007EBCEA /* kdf.h in Headers */,
				E521887426BD08E2007EBCEA /* txt_db.h in Headers */,
				E521885326BD08E1007EBCEA /* pem.h in Headers */,
				E52188BA26BD08E2007EBCEA /* asn1err.h in Headers */,
				E521888126BD08E2007EBCEA /* evperr.h in Headers */,
				E52188A826BD08E2007EBCEA /* rsaerr.h in Headers */,
				E521888626BD08E2007EBCEA /* buffer.h in Headers */,
				E521888F26BD08E2007EBCEA /* aes.h in Headers */,
				E52188A726BD08E2007EBCEA /* tls1.h in Headers */,
				E521889C26BD08E2007EBCEA /* ts.h in Headers */,
				E52188A426BD08E2007EBCEA /* rsa.h in Headers */,
				E52188B926BD08E2007EBCEA /* lhash.h in Headers */,
				E52188AD26BD08E2007EBCEA /* pkcs7err.h in Headers */,
				E52188AB26BD08E2007EBCEA /* ocsperr.h in Headers */,
				E521887B26BD08E2007EBCEA /* uierr.h in Headers */,
				E521889226BD08E2007EBCEA /* pkcs12err.h in Headers */,
				E521887226BD08E1007EBCEA /* asn1_locl.h in Headers */,
				E521887C26BD08E2007EBCEA /* x509v3err.h in Headers */,
				E52188B526BD08E2007EBCEA /* cmac.h in Headers */,
				E521885C26BD08E1007EBCEA /* blowfish.h in Headers */,
				E521885626BD08E1007EBCEA /* ssl3.h in Headers */,
				E521889426BD08E2007EBCEA /* rc4.h in Headers */,
				E521888E26BD08E2007EBCEA /* hmac.h in Headers */,
				E521889926BD08E2007EBCEA /* ecdh.h in Headers */,
				E52188A126BD08E2007EBCEA /* modes.h in Headers */,
				E521886826BD08E1007EBCEA /* bioerr.h in Headers */,
				E521886526BD08E1007EBCEA /* sha.h in Headers */,
				E521888026BD08E2007EBCEA /* opensslv.h in Headers */,
				E52188B426BD08E2007EBCEA /* conferr.h in Headers */,
				E521886426BD08E1007EBCEA /* ui.h in Headers */,
				E521888526BD08E2007EBCEA /* async.h in Headers */,
				E521886026BD08E1007EBCEA /* x509.h in Headers */,
				E521887626BD08E2007EBCEA /* cterr.h in Headers */,
				E521888426BD08E2007EBCEA /* ct.h in Headers */,
				E521889126BD08E2007EBCEA /* comp.h in Headers */,
				E521886126BD08E1007EBCEA /* asn1_mac.h in Headers */,
				E521888926BD08E2007EBCEA /* camellia.h in Headers */,
				E52188B226BD08E2007EBCEA /* dsaerr.h in Headers */,
				E521886C26BD08E1007EBCEA /* dh.h in Headers */,
				E521889826BD08E2007EBCEA /* ec.h in Headers */,
				E521886726BD08E1007EBCEA /* asn1.h in Headers */,
				E521886226BD08E1007EBCEA /* objectserr.h in Headers */,
				E521887E26BD08E2007EBCEA /* pkcs12.h in Headers */,
				E521888C26BD08E2007EBCEA /* e_os2.h in Headers */,
				E52188A626BD08E2007EBCEA /* whrlpool.h in Headers */,
				E52188AF26BD08E2007EBCEA /* kdferr.h in Headers */,
				E52188B726BD08E2007EBCEA /* store.h in Headers */,
				E521889626BD08E2007EBCEA /* des.h in Headers */,
				E52188B626BD08E2007EBCEA /* ebcdic.h in Headers */,
				E521888326BD08E2007EBCEA /* obj_mac.h in Headers */,
				E521886A26BD08E1007EBCEA /* bio.h in Headers */,
				E521885126BD08E1007EBCEA /* pem2.h in Headers */,
				E521888B26BD08E2007EBCEA /* evp.h in Headers */,
				E521888A26BD08E2007EBCEA /* dherr.h in Headers */,
				E52188A026BD08E2007EBCEA /* seed.h in Headers */,
				E521885B26BD08E1007EBCEA /* inttypes.h in Headers */,
				E521888D26BD08E2007EBCEA /* md4.h in Headers */,
				E521885726BD08E1007EBCEA /* ossl_typ.h in Headers */,
				E521887726BD08E2007EBCEA /* safestack.h in Headers */,
				E521887D26BD08E2007EBCEA /* objects.h in Headers */,
				E521889026BD08E2007EBCEA /* engineerr.h in Headers */,
				E521887526BD08E2007EBCEA /* comperr.h in Headers */,
				E52188A226BD08E2007EBCEA /* ssl2.h in Headers */,
				E5A05AA326A6B78900B1B7FC /* PurchaseX.h in Headers */,
				E521889B26BD08E2007EBCEA /* ecerr.h in Headers */,
				E521886626BD08E1007EBCEA /* symhacks.h in Headers */,
				E52188A326BD08E2007EBCEA /* tserr.h in Headers */,
				E521889D26BD08E2007EBCEA /* cryptoerr.h in Headers */,
				E52188B126BD08E2007EBCEA /* asn1t.h in Headers */,
				E521887126BD08E1007EBCEA /* pemerr.h in Headers */,
				E52188AA26BD08E2007EBCEA /* mdc2.h in Headers */,
				E521889F26BD08E2007EBCEA /* buffererr.h in Headers */,
				E521886E26BD08E1007EBCEA /* conf.h in Headers */,
				E521889A26BD08E2007EBCEA /* rand.h in Headers */,
				E521885426BD08E1007EBCEA /* asyncerr.h in Headers */,
				E521885F26BD08E1007EBCEA /* conf_api.h in Headers */,
				E521889726BD08E2007EBCEA /* ocsp.h in Headers */,
				E521887926BD08E2007EBCEA /* sslerr.h in Headers */,
				E521889326BD08E2007EBCEA /* cast.h in Headers */,
				E521887326BD08E2007EBCEA /* x509_vfy.h in Headers */,
				E521888726BD08E2007EBCEA /* ssl.h in Headers */,
				E521886926BD08E1007EBCEA /* opensslconf.h in Headers */,
				E52188AC26BD08E2007EBCEA /* x509err.h in Headers */,
				E521887F26BD08E2007EBCEA /* crypto.h in Headers */,
			);
			runOnlyForDeploymentPostprocessing = 0;
		};
/* End PBXHeadersBuildPhase section */

/* Begin PBXNativeTarget section */
		E5A05A9C26A6B78900B1B7FC /* PurchaseX */ = {
			isa = PBXNativeTarget;
			buildConfigurationList = E5A05AA626A6B78900B1B7FC /* Build configuration list for PBXNativeTarget "PurchaseX" */;
			buildPhases = (
				E5A05A9826A6B78900B1B7FC /* Headers */,
				E5A05A9926A6B78900B1B7FC /* Sources */,
				E5A05A9A26A6B78900B1B7FC /* Frameworks */,
				E5A05A9B26A6B78900B1B7FC /* Resources */,
			);
			buildRules = (
			);
			dependencies = (
			);
			name = PurchaseX;
			productName = PurchaseX;
			productReference = E5A05A9D26A6B78900B1B7FC /* PurchaseX.framework */;
			productType = "com.apple.product-type.framework";
		};
/* End PBXNativeTarget section */

/* Begin PBXProject section */
		E5A05A9426A6B78900B1B7FC /* Project object */ = {
			isa = PBXProject;
			attributes = {
				BuildIndependentTargetsInParallel = 1;
				LastUpgradeCheck = 1300;
				TargetAttributes = {
					E5A05A9C26A6B78900B1B7FC = {
						CreatedOnToolsVersion = 13.0;
					};
				};
			};
			buildConfigurationList = E5A05A9726A6B78900B1B7FC /* Build configuration list for PBXProject "PurchaseX" */;
			compatibilityVersion = "Xcode 13.0";
			developmentRegion = en;
			hasScannedForEncodings = 0;
			knownRegions = (
				en,
				Base,
			);
			mainGroup = E5A05A9326A6B78900B1B7FC;
			productRefGroup = E5A05A9E26A6B78900B1B7FC /* Products */;
			projectDirPath = "";
			projectRoot = "";
			targets = (
				E5A05A9C26A6B78900B1B7FC /* PurchaseX */,
			);
		};
/* End PBXProject section */

/* Begin PBXResourcesBuildPhase section */
		E5A05A9B26A6B78900B1B7FC /* Resources */ = {
			isa = PBXResourcesBuildPhase;
			buildActionMask = 2147483647;
			files = (
			);
			runOnlyForDeploymentPostprocessing = 0;
		};
/* End PBXResourcesBuildPhase section */

/* Begin PBXSourcesBuildPhase section */
		E5A05A9926A6B78900B1B7FC /* Sources */ = {
			isa = PBXSourcesBuildPhase;
			buildActionMask = 2147483647;
			files = (
				E521873026BA91F7007EBCEA /* IAPReceipt+ReadReceipt.swift in Sources */,
				E5A05AE626AA956200B1B7FC /* PXLog.swift in Sources */,
				E521873B26BBBE71007EBCEA /* IAPReceiptProductInfo.swift in Sources */,
				E5A05AEA26AA96FA00B1B7FC /* PurchaseXException.swift in Sources */,
				E5A05AE826AA96DE00B1B7FC /* PurchaseXNotification.swift in Sources */,
				E5C7819526BA6F04008B096A /* IAPReceipt.swift in Sources */,
				E521873426BA9B3E007EBCEA /* PurchaseXConstants.swift in Sources */,
				E5A05AA226A6B78900B1B7FC /* PurchaseX.docc in Sources */,
				E521872C26BA9184007EBCEA /* IAPReceipt+Load.swift in Sources */,
				E521873726BBBA05007EBCEA /* IAPOpenSSL.swift in Sources */,
				E5A05ADC26A93E8500B1B7FC /* Configuration.swift in Sources */,
				E521873226BA9219007EBCEA /* IAPReceipt+ValidateReceipt.swift in Sources */,
				E5A05AE326AA5A0E00B1B7FC /* PurchaseXState.swift in Sources */,
				E521873926BBBC50007EBCEA /* IAPOpenSSLAttributeType.swift in Sources */,
				E5A05ADF26A93EDC00B1B7FC /* PurchaseXManager.swift in Sources */,
				E571922126AEAF9A000097A9 /* PurchaseXDelegate.swift in Sources */,
				E521872E26BA91DD007EBCEA /* IAPReceipt+ValidateAppleSigning.swift in Sources */,
			);
			runOnlyForDeploymentPostprocessing = 0;
		};
/* End PBXSourcesBuildPhase section */

/* Begin XCBuildConfiguration section */
		E5A05AA426A6B78900B1B7FC /* Debug */ = {
			isa = XCBuildConfiguration;
			buildSettings = {
				ALWAYS_SEARCH_USER_PATHS = NO;
				CLANG_ANALYZER_NONNULL = YES;
				CLANG_ANALYZER_NUMBER_OBJECT_CONVERSION = YES_AGGRESSIVE;
				CLANG_CXX_LANGUAGE_STANDARD = "gnu++14";
				CLANG_CXX_LIBRARY = "libc++";
				CLANG_ENABLE_MODULES = YES;
				CLANG_ENABLE_OBJC_ARC = YES;
				CLANG_ENABLE_OBJC_WEAK = YES;
				CLANG_WARN_BLOCK_CAPTURE_AUTORELEASING = YES;
				CLANG_WARN_BOOL_CONVERSION = YES;
				CLANG_WARN_COMMA = YES;
				CLANG_WARN_CONSTANT_CONVERSION = YES;
				CLANG_WARN_DEPRECATED_OBJC_IMPLEMENTATIONS = YES;
				CLANG_WARN_DIRECT_OBJC_ISA_USAGE = YES_ERROR;
				CLANG_WARN_DOCUMENTATION_COMMENTS = YES;
				CLANG_WARN_EMPTY_BODY = YES;
				CLANG_WARN_ENUM_CONVERSION = YES;
				CLANG_WARN_INFINITE_RECURSION = YES;
				CLANG_WARN_INT_CONVERSION = YES;
				CLANG_WARN_NON_LITERAL_NULL_CONVERSION = YES;
				CLANG_WARN_OBJC_IMPLICIT_RETAIN_SELF = YES;
				CLANG_WARN_OBJC_LITERAL_CONVERSION = YES;
				CLANG_WARN_OBJC_ROOT_CLASS = YES_ERROR;
				CLANG_WARN_QUOTED_INCLUDE_IN_FRAMEWORK_HEADER = YES;
				CLANG_WARN_RANGE_LOOP_ANALYSIS = YES;
				CLANG_WARN_STRICT_PROTOTYPES = YES;
				CLANG_WARN_SUSPICIOUS_MOVE = YES;
				CLANG_WARN_UNGUARDED_AVAILABILITY = YES_AGGRESSIVE;
				CLANG_WARN_UNREACHABLE_CODE = YES;
				CLANG_WARN__DUPLICATE_METHOD_MATCH = YES;
				COPY_PHASE_STRIP = NO;
				CURRENT_PROJECT_VERSION = 1;
				DEBUG_INFORMATION_FORMAT = dwarf;
				ENABLE_STRICT_OBJC_MSGSEND = YES;
				ENABLE_TESTABILITY = YES;
				GCC_C_LANGUAGE_STANDARD = gnu11;
				GCC_DYNAMIC_NO_PIC = NO;
				GCC_NO_COMMON_BLOCKS = YES;
				GCC_OPTIMIZATION_LEVEL = 0;
				GCC_PREPROCESSOR_DEFINITIONS = (
					"DEBUG=1",
					"$(inherited)",
				);
				GCC_WARN_64_TO_32_BIT_CONVERSION = YES;
				GCC_WARN_ABOUT_RETURN_TYPE = YES_ERROR;
				GCC_WARN_UNDECLARED_SELECTOR = YES;
				GCC_WARN_UNINITIALIZED_AUTOS = YES_AGGRESSIVE;
				GCC_WARN_UNUSED_FUNCTION = YES;
				GCC_WARN_UNUSED_VARIABLE = YES;
				IPHONEOS_DEPLOYMENT_TARGET = 15.0;
				MTL_ENABLE_DEBUG_INFO = INCLUDE_SOURCE;
				MTL_FAST_MATH = YES;
				ONLY_ACTIVE_ARCH = YES;
				SDKROOT = iphoneos;
				SWIFT_ACTIVE_COMPILATION_CONDITIONS = DEBUG;
				SWIFT_OPTIMIZATION_LEVEL = "-Onone";
				VERSIONING_SYSTEM = "apple-generic";
				VERSION_INFO_PREFIX = "";
			};
			name = Debug;
		};
		E5A05AA526A6B78900B1B7FC /* Release */ = {
			isa = XCBuildConfiguration;
			buildSettings = {
				ALWAYS_SEARCH_USER_PATHS = NO;
				CLANG_ANALYZER_NONNULL = YES;
				CLANG_ANALYZER_NUMBER_OBJECT_CONVERSION = YES_AGGRESSIVE;
				CLANG_CXX_LANGUAGE_STANDARD = "gnu++14";
				CLANG_CXX_LIBRARY = "libc++";
				CLANG_ENABLE_MODULES = YES;
				CLANG_ENABLE_OBJC_ARC = YES;
				CLANG_ENABLE_OBJC_WEAK = YES;
				CLANG_WARN_BLOCK_CAPTURE_AUTORELEASING = YES;
				CLANG_WARN_BOOL_CONVERSION = YES;
				CLANG_WARN_COMMA = YES;
				CLANG_WARN_CONSTANT_CONVERSION = YES;
				CLANG_WARN_DEPRECATED_OBJC_IMPLEMENTATIONS = YES;
				CLANG_WARN_DIRECT_OBJC_ISA_USAGE = YES_ERROR;
				CLANG_WARN_DOCUMENTATION_COMMENTS = YES;
				CLANG_WARN_EMPTY_BODY = YES;
				CLANG_WARN_ENUM_CONVERSION = YES;
				CLANG_WARN_INFINITE_RECURSION = YES;
				CLANG_WARN_INT_CONVERSION = YES;
				CLANG_WARN_NON_LITERAL_NULL_CONVERSION = YES;
				CLANG_WARN_OBJC_IMPLICIT_RETAIN_SELF = YES;
				CLANG_WARN_OBJC_LITERAL_CONVERSION = YES;
				CLANG_WARN_OBJC_ROOT_CLASS = YES_ERROR;
				CLANG_WARN_QUOTED_INCLUDE_IN_FRAMEWORK_HEADER = YES;
				CLANG_WARN_RANGE_LOOP_ANALYSIS = YES;
				CLANG_WARN_STRICT_PROTOTYPES = YES;
				CLANG_WARN_SUSPICIOUS_MOVE = YES;
				CLANG_WARN_UNGUARDED_AVAILABILITY = YES_AGGRESSIVE;
				CLANG_WARN_UNREACHABLE_CODE = YES;
				CLANG_WARN__DUPLICATE_METHOD_MATCH = YES;
				COPY_PHASE_STRIP = NO;
				CURRENT_PROJECT_VERSION = 1;
				DEBUG_INFORMATION_FORMAT = "dwarf-with-dsym";
				ENABLE_NS_ASSERTIONS = NO;
				ENABLE_STRICT_OBJC_MSGSEND = YES;
				GCC_C_LANGUAGE_STANDARD = gnu11;
				GCC_NO_COMMON_BLOCKS = YES;
				GCC_WARN_64_TO_32_BIT_CONVERSION = YES;
				GCC_WARN_ABOUT_RETURN_TYPE = YES_ERROR;
				GCC_WARN_UNDECLARED_SELECTOR = YES;
				GCC_WARN_UNINITIALIZED_AUTOS = YES_AGGRESSIVE;
				GCC_WARN_UNUSED_FUNCTION = YES;
				GCC_WARN_UNUSED_VARIABLE = YES;
				IPHONEOS_DEPLOYMENT_TARGET = 15.0;
				MTL_ENABLE_DEBUG_INFO = NO;
				MTL_FAST_MATH = YES;
				SDKROOT = iphoneos;
				SWIFT_COMPILATION_MODE = wholemodule;
				SWIFT_OPTIMIZATION_LEVEL = "-O";
				VALIDATE_PRODUCT = YES;
				VERSIONING_SYSTEM = "apple-generic";
				VERSION_INFO_PREFIX = "";
			};
			name = Release;
		};
		E5A05AA726A6B78900B1B7FC /* Debug */ = {
			isa = XCBuildConfiguration;
			buildSettings = {
				ALWAYS_SEARCH_USER_PATHS = NO;
				CODE_SIGN_STYLE = Manual;
				CURRENT_PROJECT_VERSION = 1;
				DEFINES_MODULE = YES;
				DEVELOPMENT_TEAM = "";
				DYLIB_COMPATIBILITY_VERSION = 1;
				DYLIB_CURRENT_VERSION = 1;
				DYLIB_INSTALL_NAME_BASE = "@rpath";
				GENERATE_INFOPLIST_FILE = YES;
				HEADER_SEARCH_PATHS = (
					"$(inherited)",
					"\"$(SRCROOT)/PurchaseX/lib/openssl_include\"",
				);
				INFOPLIST_KEY_NSHumanReadableCopyright = "";
				INSTALL_PATH = "$(LOCAL_LIBRARY_DIR)/Frameworks";
				IPHONEOS_DEPLOYMENT_TARGET = 14.1;
				LD_RUNPATH_SEARCH_PATHS = (
					"$(inherited)",
					"@executable_path/Frameworks",
					"@loader_path/Frameworks",
				);
				LIBRARY_SEARCH_PATHS = (
					"$(inherited)",
					"\"$(SRCROOT)/PurchaseX/lib/openssl_lib\"",
					"$(PROJECT_DIR)/PurchaseX/lib/openssl-lib",
				);
				MACH_O_TYPE = staticlib;
				MARKETING_VERSION = 1.0;
				PRODUCT_BUNDLE_IDENTIFIER = com.snailgames.PurchaseX;
				PRODUCT_NAME = "$(TARGET_NAME:c99extidentifier)";
				PROVISIONING_PROFILE_SPECIFIER = "";
				"PROVISIONING_PROFILE_SPECIFIER[sdk=macosx*]" = "";
				SKIP_INSTALL = YES;
				SWIFT_EMIT_LOC_STRINGS = YES;
				SWIFT_VERSION = 5.0;
				TARGETED_DEVICE_FAMILY = "1,2";
			};
			name = Debug;
		};
		E5A05AA826A6B78900B1B7FC /* Release */ = {
			isa = XCBuildConfiguration;
			buildSettings = {
				ALWAYS_SEARCH_USER_PATHS = NO;
				CODE_SIGN_STYLE = Manual;
				CURRENT_PROJECT_VERSION = 1;
				DEFINES_MODULE = YES;
				DEVELOPMENT_TEAM = "";
				DYLIB_COMPATIBILITY_VERSION = 1;
				DYLIB_CURRENT_VERSION = 1;
				DYLIB_INSTALL_NAME_BASE = "@rpath";
				GENERATE_INFOPLIST_FILE = YES;
				HEADER_SEARCH_PATHS = (
					"$(inherited)",
					"\"$(SRCROOT)/PurchaseX/lib/openssl_include\"",
				);
				INFOPLIST_KEY_NSHumanReadableCopyright = "";
				INSTALL_PATH = "$(LOCAL_LIBRARY_DIR)/Frameworks";
				IPHONEOS_DEPLOYMENT_TARGET = 14.1;
				LD_RUNPATH_SEARCH_PATHS = (
					"$(inherited)",
					"@executable_path/Frameworks",
					"@loader_path/Frameworks",
				);
				LIBRARY_SEARCH_PATHS = (
					"$(inherited)",
					"\"$(SRCROOT)/PurchaseX/lib/openssl_lib\"",
					"$(PROJECT_DIR)/PurchaseX/lib/openssl-lib",
				);
				MACH_O_TYPE = staticlib;
				MARKETING_VERSION = 1.0;
				PRODUCT_BUNDLE_IDENTIFIER = com.snailgames.PurchaseX;
				PRODUCT_NAME = "$(TARGET_NAME:c99extidentifier)";
				PROVISIONING_PROFILE_SPECIFIER = "";
				"PROVISIONING_PROFILE_SPECIFIER[sdk=macosx*]" = "";
				SKIP_INSTALL = YES;
				SWIFT_EMIT_LOC_STRINGS = YES;
				SWIFT_VERSION = 5.0;
				TARGETED_DEVICE_FAMILY = "1,2";
			};
			name = Release;
		};
/* End XCBuildConfiguration section */

/* Begin XCConfigurationList section */
		E5A05A9726A6B78900B1B7FC /* Build configuration list for PBXProject "PurchaseX" */ = {
			isa = XCConfigurationList;
			buildConfigurations = (
				E5A05AA426A6B78900B1B7FC /* Debug */,
				E5A05AA526A6B78900B1B7FC /* Release */,
			);
			defaultConfigurationIsVisible = 0;
			defaultConfigurationName = Release;
		};
		E5A05AA626A6B78900B1B7FC /* Build configuration list for PBXNativeTarget "PurchaseX" */ = {
			isa = XCConfigurationList;
			buildConfigurations = (
				E5A05AA726A6B78900B1B7FC /* Debug */,
				E5A05AA826A6B78900B1B7FC /* Release */,
			);
			defaultConfigurationIsVisible = 0;
			defaultConfigurationName = Release;
		};
/* End XCConfigurationList section */
	};
	rootObject = E5A05A9426A6B78900B1B7FC /* Project object */;
}
