// !$*UTF8*$!
{
	archiveVersion = 1;
	classes = {
	};
	objectVersion = 55;
	objects = {

/* Begin PBXBuildFile section */
		E571922126AEAF9A000097A9 /* PurchaseXDelegate.swift in Sources */ = {isa = PBXBuildFile; fileRef = E571922026AEAF9A000097A9 /* PurchaseXDelegate.swift */; };
		E5A05AA226A6B78900B1B7FC /* PurchaseX.docc in Sources */ = {isa = PBXBuildFile; fileRef = E5A05AA126A6B78900B1B7FC /* PurchaseX.docc */; };
		E5A05AA326A6B78900B1B7FC /* PurchaseX.h in Headers */ = {isa = PBXBuildFile; fileRef = E5A05AA026A6B78900B1B7FC /* PurchaseX.h */; settings = {ATTRIBUTES = (Public, ); }; };
		E5A05ADC26A93E8500B1B7FC /* Configuration.swift in Sources */ = {isa = PBXBuildFile; fileRef = E5A05ADB26A93E8500B1B7FC /* Configuration.swift */; };
		E5A05ADF26A93EDC00B1B7FC /* PurchaseXManager.swift in Sources */ = {isa = PBXBuildFile; fileRef = E5A05ADE26A93EDC00B1B7FC /* PurchaseXManager.swift */; };
		E5A05AE326AA5A0E00B1B7FC /* PurchaseXState.swift in Sources */ = {isa = PBXBuildFile; fileRef = E5A05AE226AA5A0E00B1B7FC /* PurchaseXState.swift */; };
		E5A05AE626AA956200B1B7FC /* PXLog.swift in Sources */ = {isa = PBXBuildFile; fileRef = E5A05AE526AA956200B1B7FC /* PXLog.swift */; };
		E5A05AE826AA96DE00B1B7FC /* PurchaseXNotification.swift in Sources */ = {isa = PBXBuildFile; fileRef = E5A05AE726AA96DE00B1B7FC /* PurchaseXNotification.swift */; };
		E5A05AEA26AA96FA00B1B7FC /* PurchaseXException.swift in Sources */ = {isa = PBXBuildFile; fileRef = E5A05AE926AA96FA00B1B7FC /* PurchaseXException.swift */; };
		E5C7812926BA61CF008B096A /* pem2.h in Headers */ = {isa = PBXBuildFile; fileRef = E5C780BE26BA61CF008B096A /* pem2.h */; };
		E5C7812A26BA61CF008B096A /* kdf.h in Headers */ = {isa = PBXBuildFile; fileRef = E5C780BF26BA61CF008B096A /* kdf.h */; };
		E5C7812B26BA61CF008B096A /* pem.h in Headers */ = {isa = PBXBuildFile; fileRef = E5C780C026BA61CF008B096A /* pem.h */; };
		E5C7812C26BA61CF008B096A /* asyncerr.h in Headers */ = {isa = PBXBuildFile; fileRef = E5C780C126BA61CF008B096A /* asyncerr.h */; };
		E5C7812D26BA61CF008B096A /* md2.h in Headers */ = {isa = PBXBuildFile; fileRef = E5C780C226BA61CF008B096A /* md2.h */; };
		E5C7812E26BA61CF008B096A /* ssl3.h in Headers */ = {isa = PBXBuildFile; fileRef = E5C780C326BA61CF008B096A /* ssl3.h */; };
		E5C7812F26BA61CF008B096A /* ossl_typ.h in Headers */ = {isa = PBXBuildFile; fileRef = E5C780C426BA61CF008B096A /* ossl_typ.h */; };
		E5C7813026BA61CF008B096A /* dtls1.h in Headers */ = {isa = PBXBuildFile; fileRef = E5C780C526BA61CF008B096A /* dtls1.h */; };
		E5C7813126BA61CF008B096A /* err.h in Headers */ = {isa = PBXBuildFile; fileRef = E5C780C626BA61CF008B096A /* err.h */; };
		E5C7813226BA61CF008B096A /* bn.h in Headers */ = {isa = PBXBuildFile; fileRef = E5C780C726BA61CF008B096A /* bn.h */; };
		E5C7813326BA61CF008B096A /* blowfish.h in Headers */ = {isa = PBXBuildFile; fileRef = E5C780C826BA61CF008B096A /* blowfish.h */; };
		E5C7813426BA61CF008B096A /* cms.h in Headers */ = {isa = PBXBuildFile; fileRef = E5C780C926BA61CF008B096A /* cms.h */; };
		E5C7813526BA61CF008B096A /* engine.h in Headers */ = {isa = PBXBuildFile; fileRef = E5C780CA26BA61CF008B096A /* engine.h */; };
		E5C7813626BA61CF008B096A /* conf_api.h in Headers */ = {isa = PBXBuildFile; fileRef = E5C780CB26BA61CF008B096A /* conf_api.h */; };
		E5C7813726BA61CF008B096A /* x509.h in Headers */ = {isa = PBXBuildFile; fileRef = E5C780CC26BA61CF008B096A /* x509.h */; };
		E5C7813826BA61CF008B096A /* asn1_mac.h in Headers */ = {isa = PBXBuildFile; fileRef = E5C780CD26BA61CF008B096A /* asn1_mac.h */; };
		E5C7813926BA61CF008B096A /* objectserr.h in Headers */ = {isa = PBXBuildFile; fileRef = E5C780CE26BA61CF008B096A /* objectserr.h */; };
		E5C7813A26BA61CF008B096A /* cmserr.h in Headers */ = {isa = PBXBuildFile; fileRef = E5C780CF26BA61CF008B096A /* cmserr.h */; };
		E5C7813B26BA61CF008B096A /* ui.h in Headers */ = {isa = PBXBuildFile; fileRef = E5C780D026BA61CF008B096A /* ui.h */; };
		E5C7813C26BA61CF008B096A /* sha.h in Headers */ = {isa = PBXBuildFile; fileRef = E5C780D126BA61CF008B096A /* sha.h */; };
		E5C7813D26BA61CF008B096A /* symhacks.h in Headers */ = {isa = PBXBuildFile; fileRef = E5C780D226BA61CF008B096A /* symhacks.h */; };
		E5C7813E26BA61CF008B096A /* asn1.h in Headers */ = {isa = PBXBuildFile; fileRef = E5C780D326BA61CF008B096A /* asn1.h */; };
		E5C7813F26BA61CF008B096A /* bioerr.h in Headers */ = {isa = PBXBuildFile; fileRef = E5C780D426BA61CF008B096A /* bioerr.h */; };
		E5C7814026BA61CF008B096A /* opensslconf.h in Headers */ = {isa = PBXBuildFile; fileRef = E5C780D526BA61CF008B096A /* opensslconf.h */; };
		E5C7814126BA61CF008B096A /* bio.h in Headers */ = {isa = PBXBuildFile; fileRef = E5C780D626BA61CF008B096A /* bio.h */; };
		E5C7814226BA61CF008B096A /* rc2.h in Headers */ = {isa = PBXBuildFile; fileRef = E5C780D726BA61CF008B096A /* rc2.h */; };
		E5C7814326BA61CF008B096A /* dh.h in Headers */ = {isa = PBXBuildFile; fileRef = E5C780D826BA61CF008B096A /* dh.h */; };
		E5C7814426BA61CF008B096A /* x509v3.h in Headers */ = {isa = PBXBuildFile; fileRef = E5C780D926BA61CF008B096A /* x509v3.h */; };
		E5C7814526BA61CF008B096A /* conf.h in Headers */ = {isa = PBXBuildFile; fileRef = E5C780DA26BA61CF008B096A /* conf.h */; };
		E5C7814626BA61CF008B096A /* rand_drbg.h in Headers */ = {isa = PBXBuildFile; fileRef = E5C780DB26BA61CF008B096A /* rand_drbg.h */; };
		E5C7814726BA61CF008B096A /* md5.h in Headers */ = {isa = PBXBuildFile; fileRef = E5C780DC26BA61CF008B096A /* md5.h */; };
		E5C7814826BA61CF008B096A /* pemerr.h in Headers */ = {isa = PBXBuildFile; fileRef = E5C780DD26BA61CF008B096A /* pemerr.h */; };
		E5C7814926BA61CF008B096A /* x509_vfy.h in Headers */ = {isa = PBXBuildFile; fileRef = E5C780DE26BA61CF008B096A /* x509_vfy.h */; };
		E5C7814A26BA61CF008B096A /* txt_db.h in Headers */ = {isa = PBXBuildFile; fileRef = E5C780DF26BA61CF008B096A /* txt_db.h */; };
		E5C7814B26BA61CF008B096A /* comperr.h in Headers */ = {isa = PBXBuildFile; fileRef = E5C780E026BA61CF008B096A /* comperr.h */; };
		E5C7814C26BA61CF008B096A /* cterr.h in Headers */ = {isa = PBXBuildFile; fileRef = E5C780E126BA61CF008B096A /* cterr.h */; };
		E5C7814D26BA61CF008B096A /* safestack.h in Headers */ = {isa = PBXBuildFile; fileRef = E5C780E226BA61CF008B096A /* safestack.h */; };
		E5C7814E26BA61CF008B096A /* ecdsa.h in Headers */ = {isa = PBXBuildFile; fileRef = E5C780E326BA61CF008B096A /* ecdsa.h */; };
		E5C7814F26BA61CF008B096A /* sslerr.h in Headers */ = {isa = PBXBuildFile; fileRef = E5C780E426BA61CF008B096A /* sslerr.h */; };
		E5C7815026BA61CF008B096A /* rc5.h in Headers */ = {isa = PBXBuildFile; fileRef = E5C780E526BA61CF008B096A /* rc5.h */; };
		E5C7815126BA61CF008B096A /* uierr.h in Headers */ = {isa = PBXBuildFile; fileRef = E5C780E626BA61CF008B096A /* uierr.h */; };
		E5C7815226BA61CF008B096A /* x509v3err.h in Headers */ = {isa = PBXBuildFile; fileRef = E5C780E726BA61CF008B096A /* x509v3err.h */; };
		E5C7815326BA61CF008B096A /* objects.h in Headers */ = {isa = PBXBuildFile; fileRef = E5C780E826BA61CF008B096A /* objects.h */; };
		E5C7815426BA61CF008B096A /* pkcs12.h in Headers */ = {isa = PBXBuildFile; fileRef = E5C780E926BA61CF008B096A /* pkcs12.h */; };
		E5C7815526BA61CF008B096A /* crypto.h in Headers */ = {isa = PBXBuildFile; fileRef = E5C780EA26BA61CF008B096A /* crypto.h */; };
		E5C7815626BA61CF008B096A /* opensslv.h in Headers */ = {isa = PBXBuildFile; fileRef = E5C780EB26BA61CF008B096A /* opensslv.h */; };
		E5C7815726BA61CF008B096A /* evperr.h in Headers */ = {isa = PBXBuildFile; fileRef = E5C780EC26BA61CF008B096A /* evperr.h */; };
		E5C7815826BA61CF008B096A /* pkcs7.h in Headers */ = {isa = PBXBuildFile; fileRef = E5C780ED26BA61CF008B096A /* pkcs7.h */; };
		E5C7815926BA61CF008B096A /* obj_mac.h in Headers */ = {isa = PBXBuildFile; fileRef = E5C780EE26BA61CF008B096A /* obj_mac.h */; };
		E5C7815A26BA61CF008B096A /* ct.h in Headers */ = {isa = PBXBuildFile; fileRef = E5C780EF26BA61CF008B096A /* ct.h */; };
		E5C7815B26BA61CF008B096A /* async.h in Headers */ = {isa = PBXBuildFile; fileRef = E5C780F026BA61CF008B096A /* async.h */; };
		E5C7815C26BA61CF008B096A /* buffer.h in Headers */ = {isa = PBXBuildFile; fileRef = E5C780F126BA61CF008B096A /* buffer.h */; };
		E5C7815D26BA61CF008B096A /* ssl.h in Headers */ = {isa = PBXBuildFile; fileRef = E5C780F226BA61CF008B096A /* ssl.h */; };
		E5C7815E26BA61CF008B096A /* srp.h in Headers */ = {isa = PBXBuildFile; fileRef = E5C780F326BA61CF008B096A /* srp.h */; };
		E5C7815F26BA61CF008B096A /* camellia.h in Headers */ = {isa = PBXBuildFile; fileRef = E5C780F426BA61CF008B096A /* camellia.h */; };
		E5C7816026BA61CF008B096A /* dherr.h in Headers */ = {isa = PBXBuildFile; fileRef = E5C780F526BA61CF008B096A /* dherr.h */; };
		E5C7816126BA61CF008B096A /* evp.h in Headers */ = {isa = PBXBuildFile; fileRef = E5C780F626BA61CF008B096A /* evp.h */; };
		E5C7816226BA61CF008B096A /* e_os2.h in Headers */ = {isa = PBXBuildFile; fileRef = E5C780F726BA61CF008B096A /* e_os2.h */; };
		E5C7816326BA61CF008B096A /* md4.h in Headers */ = {isa = PBXBuildFile; fileRef = E5C780F826BA61CF008B096A /* md4.h */; };
		E5C7816426BA61CF008B096A /* hmac.h in Headers */ = {isa = PBXBuildFile; fileRef = E5C780F926BA61CF008B096A /* hmac.h */; };
		E5C7816526BA61CF008B096A /* aes.h in Headers */ = {isa = PBXBuildFile; fileRef = E5C780FA26BA61CF008B096A /* aes.h */; };
		E5C7816626BA61CF008B096A /* engineerr.h in Headers */ = {isa = PBXBuildFile; fileRef = E5C780FB26BA61CF008B096A /* engineerr.h */; };
		E5C7816726BA61CF008B096A /* comp.h in Headers */ = {isa = PBXBuildFile; fileRef = E5C780FC26BA61CF008B096A /* comp.h */; };
		E5C7816826BA61CF008B096A /* pkcs12err.h in Headers */ = {isa = PBXBuildFile; fileRef = E5C780FD26BA61CF008B096A /* pkcs12err.h */; };
		E5C7816926BA61CF008B096A /* cast.h in Headers */ = {isa = PBXBuildFile; fileRef = E5C780FE26BA61CF008B096A /* cast.h */; };
		E5C7816A26BA61CF008B096A /* rc4.h in Headers */ = {isa = PBXBuildFile; fileRef = E5C780FF26BA61CF008B096A /* rc4.h */; };
		E5C7816B26BA61CF008B096A /* stack.h in Headers */ = {isa = PBXBuildFile; fileRef = E5C7810026BA61CF008B096A /* stack.h */; };
		E5C7816C26BA61CF008B096A /* des.h in Headers */ = {isa = PBXBuildFile; fileRef = E5C7810126BA61CF008B096A /* des.h */; };
		E5C7816D26BA61CF008B096A /* ocsp.h in Headers */ = {isa = PBXBuildFile; fileRef = E5C7810226BA61CF008B096A /* ocsp.h */; };
		E5C7816E26BA61CF008B096A /* ec.h in Headers */ = {isa = PBXBuildFile; fileRef = E5C7810326BA61CF008B096A /* ec.h */; };
		E5C7816F26BA61CF008B096A /* ecdh.h in Headers */ = {isa = PBXBuildFile; fileRef = E5C7810426BA61CF008B096A /* ecdh.h */; };
		E5C7817026BA61CF008B096A /* rand.h in Headers */ = {isa = PBXBuildFile; fileRef = E5C7810526BA61CF008B096A /* rand.h */; };
		E5C7817126BA61CF008B096A /* ecerr.h in Headers */ = {isa = PBXBuildFile; fileRef = E5C7810626BA61CF008B096A /* ecerr.h */; };
		E5C7817226BA61CF008B096A /* ts.h in Headers */ = {isa = PBXBuildFile; fileRef = E5C7810726BA61CF008B096A /* ts.h */; };
		E5C7817326BA61CF008B096A /* cryptoerr.h in Headers */ = {isa = PBXBuildFile; fileRef = E5C7810826BA61CF008B096A /* cryptoerr.h */; };
		E5C7817426BA61CF008B096A /* storeerr.h in Headers */ = {isa = PBXBuildFile; fileRef = E5C7810926BA61CF008B096A /* storeerr.h */; };
		E5C7817526BA61CF008B096A /* buffererr.h in Headers */ = {isa = PBXBuildFile; fileRef = E5C7810A26BA61CF008B096A /* buffererr.h */; };
		E5C7817626BA61CF008B096A /* seed.h in Headers */ = {isa = PBXBuildFile; fileRef = E5C7810B26BA61CF008B096A /* seed.h */; };
		E5C7817726BA61CF008B096A /* modes.h in Headers */ = {isa = PBXBuildFile; fileRef = E5C7810C26BA61CF008B096A /* modes.h */; };
		E5C7817826BA61CF008B096A /* ssl2.h in Headers */ = {isa = PBXBuildFile; fileRef = E5C7810D26BA61CF008B096A /* ssl2.h */; };
		E5C7817926BA61CF008B096A /* tserr.h in Headers */ = {isa = PBXBuildFile; fileRef = E5C7810E26BA61CF008B096A /* tserr.h */; };
		E5C7817A26BA61CF008B096A /* rsa.h in Headers */ = {isa = PBXBuildFile; fileRef = E5C7810F26BA61CF008B096A /* rsa.h */; };
		E5C7817B26BA61CF008B096A /* ripemd.h in Headers */ = {isa = PBXBuildFile; fileRef = E5C7811026BA61CF008B096A /* ripemd.h */; };
		E5C7817C26BA61CF008B096A /* whrlpool.h in Headers */ = {isa = PBXBuildFile; fileRef = E5C7811126BA61CF008B096A /* whrlpool.h */; };
		E5C7817D26BA61CF008B096A /* tls1.h in Headers */ = {isa = PBXBuildFile; fileRef = E5C7811226BA61CF008B096A /* tls1.h */; };
		E5C7817E26BA61CF008B096A /* rsaerr.h in Headers */ = {isa = PBXBuildFile; fileRef = E5C7811326BA61CF008B096A /* rsaerr.h */; };
		E5C7817F26BA61CF008B096A /* randerr.h in Headers */ = {isa = PBXBuildFile; fileRef = E5C7811426BA61CF008B096A /* randerr.h */; };
		E5C7818026BA61CF008B096A /* mdc2.h in Headers */ = {isa = PBXBuildFile; fileRef = E5C7811526BA61CF008B096A /* mdc2.h */; };
		E5C7818126BA61CF008B096A /* ocsperr.h in Headers */ = {isa = PBXBuildFile; fileRef = E5C7811626BA61CF008B096A /* ocsperr.h */; };
		E5C7818226BA61CF008B096A /* x509err.h in Headers */ = {isa = PBXBuildFile; fileRef = E5C7811726BA61CF008B096A /* x509err.h */; };
		E5C7818326BA61CF008B096A /* pkcs7err.h in Headers */ = {isa = PBXBuildFile; fileRef = E5C7811826BA61CF008B096A /* pkcs7err.h */; };
		E5C7818426BA61CF008B096A /* dsa.h in Headers */ = {isa = PBXBuildFile; fileRef = E5C7811926BA61CF008B096A /* dsa.h */; };
		E5C7818526BA61CF008B096A /* kdferr.h in Headers */ = {isa = PBXBuildFile; fileRef = E5C7811A26BA61CF008B096A /* kdferr.h */; };
		E5C7818626BA61CF008B096A /* srtp.h in Headers */ = {isa = PBXBuildFile; fileRef = E5C7811B26BA61CF008B096A /* srtp.h */; };
		E5C7818726BA61CF008B096A /* asn1t.h in Headers */ = {isa = PBXBuildFile; fileRef = E5C7811C26BA61CF008B096A /* asn1t.h */; };
		E5C7818826BA61CF008B096A /* dsaerr.h in Headers */ = {isa = PBXBuildFile; fileRef = E5C7811D26BA61CF008B096A /* dsaerr.h */; };
		E5C7818926BA61CF008B096A /* bnerr.h in Headers */ = {isa = PBXBuildFile; fileRef = E5C7811E26BA61CF008B096A /* bnerr.h */; };
		E5C7818A26BA61CF008B096A /* conferr.h in Headers */ = {isa = PBXBuildFile; fileRef = E5C7811F26BA61CF008B096A /* conferr.h */; };
		E5C7818B26BA61CF008B096A /* cmac.h in Headers */ = {isa = PBXBuildFile; fileRef = E5C7812026BA61CF008B096A /* cmac.h */; };
		E5C7818C26BA61CF008B096A /* ebcdic.h in Headers */ = {isa = PBXBuildFile; fileRef = E5C7812126BA61CF008B096A /* ebcdic.h */; };
		E5C7818D26BA61CF008B096A /* store.h in Headers */ = {isa = PBXBuildFile; fileRef = E5C7812226BA61CF008B096A /* store.h */; };
		E5C7818E26BA61CF008B096A /* idea.h in Headers */ = {isa = PBXBuildFile; fileRef = E5C7812326BA61CF008B096A /* idea.h */; };
		E5C7818F26BA61CF008B096A /* lhash.h in Headers */ = {isa = PBXBuildFile; fileRef = E5C7812426BA61CF008B096A /* lhash.h */; };
		E5C7819026BA61CF008B096A /* asn1err.h in Headers */ = {isa = PBXBuildFile; fileRef = E5C7812526BA61CF008B096A /* asn1err.h */; };
		E5C7819126BA61CF008B096A /* libcrypto.a in Frameworks */ = {isa = PBXBuildFile; fileRef = E5C7812726BA61CF008B096A /* libcrypto.a */; };
		E5C7819226BA61CF008B096A /* libssl.a in Frameworks */ = {isa = PBXBuildFile; fileRef = E5C7812826BA61CF008B096A /* libssl.a */; };
/* End PBXBuildFile section */

/* Begin PBXFileReference section */
		E571922026AEAF9A000097A9 /* PurchaseXDelegate.swift */ = {isa = PBXFileReference; lastKnownFileType = sourcecode.swift; path = PurchaseXDelegate.swift; sourceTree = "<group>"; };
		E5A05A9D26A6B78900B1B7FC /* PurchaseX.framework */ = {isa = PBXFileReference; explicitFileType = wrapper.framework; includeInIndex = 0; path = PurchaseX.framework; sourceTree = BUILT_PRODUCTS_DIR; };
		E5A05AA026A6B78900B1B7FC /* PurchaseX.h */ = {isa = PBXFileReference; lastKnownFileType = sourcecode.c.h; path = PurchaseX.h; sourceTree = "<group>"; };
		E5A05AA126A6B78900B1B7FC /* PurchaseX.docc */ = {isa = PBXFileReference; lastKnownFileType = folder.documentationcatalog; path = PurchaseX.docc; sourceTree = "<group>"; };
		E5A05ADB26A93E8500B1B7FC /* Configuration.swift */ = {isa = PBXFileReference; lastKnownFileType = sourcecode.swift; path = Configuration.swift; sourceTree = "<group>"; };
		E5A05ADE26A93EDC00B1B7FC /* PurchaseXManager.swift */ = {isa = PBXFileReference; lastKnownFileType = sourcecode.swift; path = PurchaseXManager.swift; sourceTree = "<group>"; };
		E5A05AE226AA5A0E00B1B7FC /* PurchaseXState.swift */ = {isa = PBXFileReference; lastKnownFileType = sourcecode.swift; path = PurchaseXState.swift; sourceTree = "<group>"; };
		E5A05AE526AA956200B1B7FC /* PXLog.swift */ = {isa = PBXFileReference; lastKnownFileType = sourcecode.swift; path = PXLog.swift; sourceTree = "<group>"; };
		E5A05AE726AA96DE00B1B7FC /* PurchaseXNotification.swift */ = {isa = PBXFileReference; lastKnownFileType = sourcecode.swift; path = PurchaseXNotification.swift; sourceTree = "<group>"; };
		E5A05AE926AA96FA00B1B7FC /* PurchaseXException.swift */ = {isa = PBXFileReference; lastKnownFileType = sourcecode.swift; path = PurchaseXException.swift; sourceTree = "<group>"; };
		E5C780BE26BA61CF008B096A /* pem2.h */ = {isa = PBXFileReference; fileEncoding = 4; lastKnownFileType = sourcecode.c.h; path = pem2.h; sourceTree = "<group>"; };
		E5C780BF26BA61CF008B096A /* kdf.h */ = {isa = PBXFileReference; fileEncoding = 4; lastKnownFileType = sourcecode.c.h; path = kdf.h; sourceTree = "<group>"; };
		E5C780C026BA61CF008B096A /* pem.h */ = {isa = PBXFileReference; fileEncoding = 4; lastKnownFileType = sourcecode.c.h; path = pem.h; sourceTree = "<group>"; };
		E5C780C126BA61CF008B096A /* asyncerr.h */ = {isa = PBXFileReference; fileEncoding = 4; lastKnownFileType = sourcecode.c.h; path = asyncerr.h; sourceTree = "<group>"; };
		E5C780C226BA61CF008B096A /* md2.h */ = {isa = PBXFileReference; fileEncoding = 4; lastKnownFileType = sourcecode.c.h; path = md2.h; sourceTree = "<group>"; };
		E5C780C326BA61CF008B096A /* ssl3.h */ = {isa = PBXFileReference; fileEncoding = 4; lastKnownFileType = sourcecode.c.h; path = ssl3.h; sourceTree = "<group>"; };
		E5C780C426BA61CF008B096A /* ossl_typ.h */ = {isa = PBXFileReference; fileEncoding = 4; lastKnownFileType = sourcecode.c.h; path = ossl_typ.h; sourceTree = "<group>"; };
		E5C780C526BA61CF008B096A /* dtls1.h */ = {isa = PBXFileReference; fileEncoding = 4; lastKnownFileType = sourcecode.c.h; path = dtls1.h; sourceTree = "<group>"; };
		E5C780C626BA61CF008B096A /* err.h */ = {isa = PBXFileReference; fileEncoding = 4; lastKnownFileType = sourcecode.c.h; path = err.h; sourceTree = "<group>"; };
		E5C780C726BA61CF008B096A /* bn.h */ = {isa = PBXFileReference; fileEncoding = 4; lastKnownFileType = sourcecode.c.h; path = bn.h; sourceTree = "<group>"; };
		E5C780C826BA61CF008B096A /* blowfish.h */ = {isa = PBXFileReference; fileEncoding = 4; lastKnownFileType = sourcecode.c.h; path = blowfish.h; sourceTree = "<group>"; };
		E5C780C926BA61CF008B096A /* cms.h */ = {isa = PBXFileReference; fileEncoding = 4; lastKnownFileType = sourcecode.c.h; path = cms.h; sourceTree = "<group>"; };
		E5C780CA26BA61CF008B096A /* engine.h */ = {isa = PBXFileReference; fileEncoding = 4; lastKnownFileType = sourcecode.c.h; path = engine.h; sourceTree = "<group>"; };
		E5C780CB26BA61CF008B096A /* conf_api.h */ = {isa = PBXFileReference; fileEncoding = 4; lastKnownFileType = sourcecode.c.h; path = conf_api.h; sourceTree = "<group>"; };
		E5C780CC26BA61CF008B096A /* x509.h */ = {isa = PBXFileReference; fileEncoding = 4; lastKnownFileType = sourcecode.c.h; path = x509.h; sourceTree = "<group>"; };
		E5C780CD26BA61CF008B096A /* asn1_mac.h */ = {isa = PBXFileReference; fileEncoding = 4; lastKnownFileType = sourcecode.c.h; path = asn1_mac.h; sourceTree = "<group>"; };
		E5C780CE26BA61CF008B096A /* objectserr.h */ = {isa = PBXFileReference; fileEncoding = 4; lastKnownFileType = sourcecode.c.h; path = objectserr.h; sourceTree = "<group>"; };
		E5C780CF26BA61CF008B096A /* cmserr.h */ = {isa = PBXFileReference; fileEncoding = 4; lastKnownFileType = sourcecode.c.h; path = cmserr.h; sourceTree = "<group>"; };
		E5C780D026BA61CF008B096A /* ui.h */ = {isa = PBXFileReference; fileEncoding = 4; lastKnownFileType = sourcecode.c.h; path = ui.h; sourceTree = "<group>"; };
		E5C780D126BA61CF008B096A /* sha.h */ = {isa = PBXFileReference; fileEncoding = 4; lastKnownFileType = sourcecode.c.h; path = sha.h; sourceTree = "<group>"; };
		E5C780D226BA61CF008B096A /* symhacks.h */ = {isa = PBXFileReference; fileEncoding = 4; lastKnownFileType = sourcecode.c.h; path = symhacks.h; sourceTree = "<group>"; };
		E5C780D326BA61CF008B096A /* asn1.h */ = {isa = PBXFileReference; fileEncoding = 4; lastKnownFileType = sourcecode.c.h; path = asn1.h; sourceTree = "<group>"; };
		E5C780D426BA61CF008B096A /* bioerr.h */ = {isa = PBXFileReference; fileEncoding = 4; lastKnownFileType = sourcecode.c.h; path = bioerr.h; sourceTree = "<group>"; };
		E5C780D526BA61CF008B096A /* opensslconf.h */ = {isa = PBXFileReference; fileEncoding = 4; lastKnownFileType = sourcecode.c.h; path = opensslconf.h; sourceTree = "<group>"; };
		E5C780D626BA61CF008B096A /* bio.h */ = {isa = PBXFileReference; fileEncoding = 4; lastKnownFileType = sourcecode.c.h; path = bio.h; sourceTree = "<group>"; };
		E5C780D726BA61CF008B096A /* rc2.h */ = {isa = PBXFileReference; fileEncoding = 4; lastKnownFileType = sourcecode.c.h; path = rc2.h; sourceTree = "<group>"; };
		E5C780D826BA61CF008B096A /* dh.h */ = {isa = PBXFileReference; fileEncoding = 4; lastKnownFileType = sourcecode.c.h; path = dh.h; sourceTree = "<group>"; };
		E5C780D926BA61CF008B096A /* x509v3.h */ = {isa = PBXFileReference; fileEncoding = 4; lastKnownFileType = sourcecode.c.h; path = x509v3.h; sourceTree = "<group>"; };
		E5C780DA26BA61CF008B096A /* conf.h */ = {isa = PBXFileReference; fileEncoding = 4; lastKnownFileType = sourcecode.c.h; path = conf.h; sourceTree = "<group>"; };
		E5C780DB26BA61CF008B096A /* rand_drbg.h */ = {isa = PBXFileReference; fileEncoding = 4; lastKnownFileType = sourcecode.c.h; path = rand_drbg.h; sourceTree = "<group>"; };
		E5C780DC26BA61CF008B096A /* md5.h */ = {isa = PBXFileReference; fileEncoding = 4; lastKnownFileType = sourcecode.c.h; path = md5.h; sourceTree = "<group>"; };
		E5C780DD26BA61CF008B096A /* pemerr.h */ = {isa = PBXFileReference; fileEncoding = 4; lastKnownFileType = sourcecode.c.h; path = pemerr.h; sourceTree = "<group>"; };
		E5C780DE26BA61CF008B096A /* x509_vfy.h */ = {isa = PBXFileReference; fileEncoding = 4; lastKnownFileType = sourcecode.c.h; path = x509_vfy.h; sourceTree = "<group>"; };
		E5C780DF26BA61CF008B096A /* txt_db.h */ = {isa = PBXFileReference; fileEncoding = 4; lastKnownFileType = sourcecode.c.h; path = txt_db.h; sourceTree = "<group>"; };
		E5C780E026BA61CF008B096A /* comperr.h */ = {isa = PBXFileReference; fileEncoding = 4; lastKnownFileType = sourcecode.c.h; path = comperr.h; sourceTree = "<group>"; };
		E5C780E126BA61CF008B096A /* cterr.h */ = {isa = PBXFileReference; fileEncoding = 4; lastKnownFileType = sourcecode.c.h; path = cterr.h; sourceTree = "<group>"; };
		E5C780E226BA61CF008B096A /* safestack.h */ = {isa = PBXFileReference; fileEncoding = 4; lastKnownFileType = sourcecode.c.h; path = safestack.h; sourceTree = "<group>"; };
		E5C780E326BA61CF008B096A /* ecdsa.h */ = {isa = PBXFileReference; fileEncoding = 4; lastKnownFileType = sourcecode.c.h; path = ecdsa.h; sourceTree = "<group>"; };
		E5C780E426BA61CF008B096A /* sslerr.h */ = {isa = PBXFileReference; fileEncoding = 4; lastKnownFileType = sourcecode.c.h; path = sslerr.h; sourceTree = "<group>"; };
		E5C780E526BA61CF008B096A /* rc5.h */ = {isa = PBXFileReference; fileEncoding = 4; lastKnownFileType = sourcecode.c.h; path = rc5.h; sourceTree = "<group>"; };
		E5C780E626BA61CF008B096A /* uierr.h */ = {isa = PBXFileReference; fileEncoding = 4; lastKnownFileType = sourcecode.c.h; path = uierr.h; sourceTree = "<group>"; };
		E5C780E726BA61CF008B096A /* x509v3err.h */ = {isa = PBXFileReference; fileEncoding = 4; lastKnownFileType = sourcecode.c.h; path = x509v3err.h; sourceTree = "<group>"; };
		E5C780E826BA61CF008B096A /* objects.h */ = {isa = PBXFileReference; fileEncoding = 4; lastKnownFileType = sourcecode.c.h; path = objects.h; sourceTree = "<group>"; };
		E5C780E926BA61CF008B096A /* pkcs12.h */ = {isa = PBXFileReference; fileEncoding = 4; lastKnownFileType = sourcecode.c.h; path = pkcs12.h; sourceTree = "<group>"; };
		E5C780EA26BA61CF008B096A /* crypto.h */ = {isa = PBXFileReference; fileEncoding = 4; lastKnownFileType = sourcecode.c.h; path = crypto.h; sourceTree = "<group>"; };
		E5C780EB26BA61CF008B096A /* opensslv.h */ = {isa = PBXFileReference; fileEncoding = 4; lastKnownFileType = sourcecode.c.h; path = opensslv.h; sourceTree = "<group>"; };
		E5C780EC26BA61CF008B096A /* evperr.h */ = {isa = PBXFileReference; fileEncoding = 4; lastKnownFileType = sourcecode.c.h; path = evperr.h; sourceTree = "<group>"; };
		E5C780ED26BA61CF008B096A /* pkcs7.h */ = {isa = PBXFileReference; fileEncoding = 4; lastKnownFileType = sourcecode.c.h; path = pkcs7.h; sourceTree = "<group>"; };
		E5C780EE26BA61CF008B096A /* obj_mac.h */ = {isa = PBXFileReference; fileEncoding = 4; lastKnownFileType = sourcecode.c.h; path = obj_mac.h; sourceTree = "<group>"; };
		E5C780EF26BA61CF008B096A /* ct.h */ = {isa = PBXFileReference; fileEncoding = 4; lastKnownFileType = sourcecode.c.h; path = ct.h; sourceTree = "<group>"; };
		E5C780F026BA61CF008B096A /* async.h */ = {isa = PBXFileReference; fileEncoding = 4; lastKnownFileType = sourcecode.c.h; path = async.h; sourceTree = "<group>"; };
		E5C780F126BA61CF008B096A /* buffer.h */ = {isa = PBXFileReference; fileEncoding = 4; lastKnownFileType = sourcecode.c.h; path = buffer.h; sourceTree = "<group>"; };
		E5C780F226BA61CF008B096A /* ssl.h */ = {isa = PBXFileReference; fileEncoding = 4; lastKnownFileType = sourcecode.c.h; path = ssl.h; sourceTree = "<group>"; };
		E5C780F326BA61CF008B096A /* srp.h */ = {isa = PBXFileReference; fileEncoding = 4; lastKnownFileType = sourcecode.c.h; path = srp.h; sourceTree = "<group>"; };
		E5C780F426BA61CF008B096A /* camellia.h */ = {isa = PBXFileReference; fileEncoding = 4; lastKnownFileType = sourcecode.c.h; path = camellia.h; sourceTree = "<group>"; };
		E5C780F526BA61CF008B096A /* dherr.h */ = {isa = PBXFileReference; fileEncoding = 4; lastKnownFileType = sourcecode.c.h; path = dherr.h; sourceTree = "<group>"; };
		E5C780F626BA61CF008B096A /* evp.h */ = {isa = PBXFileReference; fileEncoding = 4; lastKnownFileType = sourcecode.c.h; path = evp.h; sourceTree = "<group>"; };
		E5C780F726BA61CF008B096A /* e_os2.h */ = {isa = PBXFileReference; fileEncoding = 4; lastKnownFileType = sourcecode.c.h; path = e_os2.h; sourceTree = "<group>"; };
		E5C780F826BA61CF008B096A /* md4.h */ = {isa = PBXFileReference; fileEncoding = 4; lastKnownFileType = sourcecode.c.h; path = md4.h; sourceTree = "<group>"; };
		E5C780F926BA61CF008B096A /* hmac.h */ = {isa = PBXFileReference; fileEncoding = 4; lastKnownFileType = sourcecode.c.h; path = hmac.h; sourceTree = "<group>"; };
		E5C780FA26BA61CF008B096A /* aes.h */ = {isa = PBXFileReference; fileEncoding = 4; lastKnownFileType = sourcecode.c.h; path = aes.h; sourceTree = "<group>"; };
		E5C780FB26BA61CF008B096A /* engineerr.h */ = {isa = PBXFileReference; fileEncoding = 4; lastKnownFileType = sourcecode.c.h; path = engineerr.h; sourceTree = "<group>"; };
		E5C780FC26BA61CF008B096A /* comp.h */ = {isa = PBXFileReference; fileEncoding = 4; lastKnownFileType = sourcecode.c.h; path = comp.h; sourceTree = "<group>"; };
		E5C780FD26BA61CF008B096A /* pkcs12err.h */ = {isa = PBXFileReference; fileEncoding = 4; lastKnownFileType = sourcecode.c.h; path = pkcs12err.h; sourceTree = "<group>"; };
		E5C780FE26BA61CF008B096A /* cast.h */ = {isa = PBXFileReference; fileEncoding = 4; lastKnownFileType = sourcecode.c.h; path = cast.h; sourceTree = "<group>"; };
		E5C780FF26BA61CF008B096A /* rc4.h */ = {isa = PBXFileReference; fileEncoding = 4; lastKnownFileType = sourcecode.c.h; path = rc4.h; sourceTree = "<group>"; };
		E5C7810026BA61CF008B096A /* stack.h */ = {isa = PBXFileReference; fileEncoding = 4; lastKnownFileType = sourcecode.c.h; path = stack.h; sourceTree = "<group>"; };
		E5C7810126BA61CF008B096A /* des.h */ = {isa = PBXFileReference; fileEncoding = 4; lastKnownFileType = sourcecode.c.h; path = des.h; sourceTree = "<group>"; };
		E5C7810226BA61CF008B096A /* ocsp.h */ = {isa = PBXFileReference; fileEncoding = 4; lastKnownFileType = sourcecode.c.h; path = ocsp.h; sourceTree = "<group>"; };
		E5C7810326BA61CF008B096A /* ec.h */ = {isa = PBXFileReference; fileEncoding = 4; lastKnownFileType = sourcecode.c.h; path = ec.h; sourceTree = "<group>"; };
		E5C7810426BA61CF008B096A /* ecdh.h */ = {isa = PBXFileReference; fileEncoding = 4; lastKnownFileType = sourcecode.c.h; path = ecdh.h; sourceTree = "<group>"; };
		E5C7810526BA61CF008B096A /* rand.h */ = {isa = PBXFileReference; fileEncoding = 4; lastKnownFileType = sourcecode.c.h; path = rand.h; sourceTree = "<group>"; };
		E5C7810626BA61CF008B096A /* ecerr.h */ = {isa = PBXFileReference; fileEncoding = 4; lastKnownFileType = sourcecode.c.h; path = ecerr.h; sourceTree = "<group>"; };
		E5C7810726BA61CF008B096A /* ts.h */ = {isa = PBXFileReference; fileEncoding = 4; lastKnownFileType = sourcecode.c.h; path = ts.h; sourceTree = "<group>"; };
		E5C7810826BA61CF008B096A /* cryptoerr.h */ = {isa = PBXFileReference; fileEncoding = 4; lastKnownFileType = sourcecode.c.h; path = cryptoerr.h; sourceTree = "<group>"; };
		E5C7810926BA61CF008B096A /* storeerr.h */ = {isa = PBXFileReference; fileEncoding = 4; lastKnownFileType = sourcecode.c.h; path = storeerr.h; sourceTree = "<group>"; };
		E5C7810A26BA61CF008B096A /* buffererr.h */ = {isa = PBXFileReference; fileEncoding = 4; lastKnownFileType = sourcecode.c.h; path = buffererr.h; sourceTree = "<group>"; };
		E5C7810B26BA61CF008B096A /* seed.h */ = {isa = PBXFileReference; fileEncoding = 4; lastKnownFileType = sourcecode.c.h; path = seed.h; sourceTree = "<group>"; };
		E5C7810C26BA61CF008B096A /* modes.h */ = {isa = PBXFileReference; fileEncoding = 4; lastKnownFileType = sourcecode.c.h; path = modes.h; sourceTree = "<group>"; };
		E5C7810D26BA61CF008B096A /* ssl2.h */ = {isa = PBXFileReference; fileEncoding = 4; lastKnownFileType = sourcecode.c.h; path = ssl2.h; sourceTree = "<group>"; };
		E5C7810E26BA61CF008B096A /* tserr.h */ = {isa = PBXFileReference; fileEncoding = 4; lastKnownFileType = sourcecode.c.h; path = tserr.h; sourceTree = "<group>"; };
		E5C7810F26BA61CF008B096A /* rsa.h */ = {isa = PBXFileReference; fileEncoding = 4; lastKnownFileType = sourcecode.c.h; path = rsa.h; sourceTree = "<group>"; };
		E5C7811026BA61CF008B096A /* ripemd.h */ = {isa = PBXFileReference; fileEncoding = 4; lastKnownFileType = sourcecode.c.h; path = ripemd.h; sourceTree = "<group>"; };
		E5C7811126BA61CF008B096A /* whrlpool.h */ = {isa = PBXFileReference; fileEncoding = 4; lastKnownFileType = sourcecode.c.h; path = whrlpool.h; sourceTree = "<group>"; };
		E5C7811226BA61CF008B096A /* tls1.h */ = {isa = PBXFileReference; fileEncoding = 4; lastKnownFileType = sourcecode.c.h; path = tls1.h; sourceTree = "<group>"; };
		E5C7811326BA61CF008B096A /* rsaerr.h */ = {isa = PBXFileReference; fileEncoding = 4; lastKnownFileType = sourcecode.c.h; path = rsaerr.h; sourceTree = "<group>"; };
		E5C7811426BA61CF008B096A /* randerr.h */ = {isa = PBXFileReference; fileEncoding = 4; lastKnownFileType = sourcecode.c.h; path = randerr.h; sourceTree = "<group>"; };
		E5C7811526BA61CF008B096A /* mdc2.h */ = {isa = PBXFileReference; fileEncoding = 4; lastKnownFileType = sourcecode.c.h; path = mdc2.h; sourceTree = "<group>"; };
		E5C7811626BA61CF008B096A /* ocsperr.h */ = {isa = PBXFileReference; fileEncoding = 4; lastKnownFileType = sourcecode.c.h; path = ocsperr.h; sourceTree = "<group>"; };
		E5C7811726BA61CF008B096A /* x509err.h */ = {isa = PBXFileReference; fileEncoding = 4; lastKnownFileType = sourcecode.c.h; path = x509err.h; sourceTree = "<group>"; };
		E5C7811826BA61CF008B096A /* pkcs7err.h */ = {isa = PBXFileReference; fileEncoding = 4; lastKnownFileType = sourcecode.c.h; path = pkcs7err.h; sourceTree = "<group>"; };
		E5C7811926BA61CF008B096A /* dsa.h */ = {isa = PBXFileReference; fileEncoding = 4; lastKnownFileType = sourcecode.c.h; path = dsa.h; sourceTree = "<group>"; };
		E5C7811A26BA61CF008B096A /* kdferr.h */ = {isa = PBXFileReference; fileEncoding = 4; lastKnownFileType = sourcecode.c.h; path = kdferr.h; sourceTree = "<group>"; };
		E5C7811B26BA61CF008B096A /* srtp.h */ = {isa = PBXFileReference; fileEncoding = 4; lastKnownFileType = sourcecode.c.h; path = srtp.h; sourceTree = "<group>"; };
		E5C7811C26BA61CF008B096A /* asn1t.h */ = {isa = PBXFileReference; fileEncoding = 4; lastKnownFileType = sourcecode.c.h; path = asn1t.h; sourceTree = "<group>"; };
		E5C7811D26BA61CF008B096A /* dsaerr.h */ = {isa = PBXFileReference; fileEncoding = 4; lastKnownFileType = sourcecode.c.h; path = dsaerr.h; sourceTree = "<group>"; };
		E5C7811E26BA61CF008B096A /* bnerr.h */ = {isa = PBXFileReference; fileEncoding = 4; lastKnownFileType = sourcecode.c.h; path = bnerr.h; sourceTree = "<group>"; };
		E5C7811F26BA61CF008B096A /* conferr.h */ = {isa = PBXFileReference; fileEncoding = 4; lastKnownFileType = sourcecode.c.h; path = conferr.h; sourceTree = "<group>"; };
		E5C7812026BA61CF008B096A /* cmac.h */ = {isa = PBXFileReference; fileEncoding = 4; lastKnownFileType = sourcecode.c.h; path = cmac.h; sourceTree = "<group>"; };
		E5C7812126BA61CF008B096A /* ebcdic.h */ = {isa = PBXFileReference; fileEncoding = 4; lastKnownFileType = sourcecode.c.h; path = ebcdic.h; sourceTree = "<group>"; };
		E5C7812226BA61CF008B096A /* store.h */ = {isa = PBXFileReference; fileEncoding = 4; lastKnownFileType = sourcecode.c.h; path = store.h; sourceTree = "<group>"; };
		E5C7812326BA61CF008B096A /* idea.h */ = {isa = PBXFileReference; fileEncoding = 4; lastKnownFileType = sourcecode.c.h; path = idea.h; sourceTree = "<group>"; };
		E5C7812426BA61CF008B096A /* lhash.h */ = {isa = PBXFileReference; fileEncoding = 4; lastKnownFileType = sourcecode.c.h; path = lhash.h; sourceTree = "<group>"; };
		E5C7812526BA61CF008B096A /* asn1err.h */ = {isa = PBXFileReference; fileEncoding = 4; lastKnownFileType = sourcecode.c.h; path = asn1err.h; sourceTree = "<group>"; };
		E5C7812726BA61CF008B096A /* libcrypto.a */ = {isa = PBXFileReference; lastKnownFileType = archive.ar; path = libcrypto.a; sourceTree = "<group>"; };
		E5C7812826BA61CF008B096A /* libssl.a */ = {isa = PBXFileReference; lastKnownFileType = archive.ar; path = libssl.a; sourceTree = "<group>"; };
/* End PBXFileReference section */

/* Begin PBXFrameworksBuildPhase section */
		E5A05A9A26A6B78900B1B7FC /* Frameworks */ = {
			isa = PBXFrameworksBuildPhase;
			buildActionMask = 2147483647;
			files = (
				E5C7819226BA61CF008B096A /* libssl.a in Frameworks */,
				E5C7819126BA61CF008B096A /* libcrypto.a in Frameworks */,
			);
			runOnlyForDeploymentPostprocessing = 0;
		};
/* End PBXFrameworksBuildPhase section */

/* Begin PBXGroup section */
		E5A05A9326A6B78900B1B7FC = {
			isa = PBXGroup;
			children = (
				E5A05A9F26A6B78900B1B7FC /* PurchaseX */,
				E5A05A9E26A6B78900B1B7FC /* Products */,
			);
			sourceTree = "<group>";
		};
		E5A05A9E26A6B78900B1B7FC /* Products */ = {
			isa = PBXGroup;
			children = (
				E5A05A9D26A6B78900B1B7FC /* PurchaseX.framework */,
			);
			name = Products;
			sourceTree = "<group>";
		};
		E5A05A9F26A6B78900B1B7FC /* PurchaseX */ = {
			isa = PBXGroup;
			children = (
				E5C780BB26BA614B008B096A /* lib */,
				E5A05ADD26A93EA100B1B7FC /* PurchaseXHelper */,
				E5A05ADA26A93E5B00B1B7FC /* Util */,
				E5A05AA026A6B78900B1B7FC /* PurchaseX.h */,
				E5A05AA126A6B78900B1B7FC /* PurchaseX.docc */,
			);
			path = PurchaseX;
			sourceTree = "<group>";
		};
		E5A05ADA26A93E5B00B1B7FC /* Util */ = {
			isa = PBXGroup;
			children = (
				E5A05ADB26A93E8500B1B7FC /* Configuration.swift */,
				E5A05AE526AA956200B1B7FC /* PXLog.swift */,
			);
			path = Util;
			sourceTree = "<group>";
		};
		E5A05ADD26A93EA100B1B7FC /* PurchaseXHelper */ = {
			isa = PBXGroup;
			children = (
				E5A05ADE26A93EDC00B1B7FC /* PurchaseXManager.swift */,
				E5A05AE226AA5A0E00B1B7FC /* PurchaseXState.swift */,
				E5A05AE726AA96DE00B1B7FC /* PurchaseXNotification.swift */,
				E5A05AE926AA96FA00B1B7FC /* PurchaseXException.swift */,
				E571922026AEAF9A000097A9 /* PurchaseXDelegate.swift */,
			);
			path = PurchaseXHelper;
			sourceTree = "<group>";
		};
		E5C780BB26BA614B008B096A /* lib */ = {
			isa = PBXGroup;
			children = (
				E5C780BC26BA61CF008B096A /* include */,
				E5C7812626BA61CF008B096A /* openssl_lib */,
			);
			path = lib;
			sourceTree = "<group>";
		};
		E5C780BC26BA61CF008B096A /* include */ = {
			isa = PBXGroup;
			children = (
				E5C780BD26BA61CF008B096A /* openssl */,
			);
			path = include;
			sourceTree = "<group>";
		};
		E5C780BD26BA61CF008B096A /* openssl */ = {
			isa = PBXGroup;
			children = (
				E5C780BE26BA61CF008B096A /* pem2.h */,
				E5C780BF26BA61CF008B096A /* kdf.h */,
				E5C780C026BA61CF008B096A /* pem.h */,
				E5C780C126BA61CF008B096A /* asyncerr.h */,
				E5C780C226BA61CF008B096A /* md2.h */,
				E5C780C326BA61CF008B096A /* ssl3.h */,
				E5C780C426BA61CF008B096A /* ossl_typ.h */,
				E5C780C526BA61CF008B096A /* dtls1.h */,
				E5C780C626BA61CF008B096A /* err.h */,
				E5C780C726BA61CF008B096A /* bn.h */,
				E5C780C826BA61CF008B096A /* blowfish.h */,
				E5C780C926BA61CF008B096A /* cms.h */,
				E5C780CA26BA61CF008B096A /* engine.h */,
				E5C780CB26BA61CF008B096A /* conf_api.h */,
				E5C780CC26BA61CF008B096A /* x509.h */,
				E5C780CD26BA61CF008B096A /* asn1_mac.h */,
				E5C780CE26BA61CF008B096A /* objectserr.h */,
				E5C780CF26BA61CF008B096A /* cmserr.h */,
				E5C780D026BA61CF008B096A /* ui.h */,
				E5C780D126BA61CF008B096A /* sha.h */,
				E5C780D226BA61CF008B096A /* symhacks.h */,
				E5C780D326BA61CF008B096A /* asn1.h */,
				E5C780D426BA61CF008B096A /* bioerr.h */,
				E5C780D526BA61CF008B096A /* opensslconf.h */,
				E5C780D626BA61CF008B096A /* bio.h */,
				E5C780D726BA61CF008B096A /* rc2.h */,
				E5C780D826BA61CF008B096A /* dh.h */,
				E5C780D926BA61CF008B096A /* x509v3.h */,
				E5C780DA26BA61CF008B096A /* conf.h */,
				E5C780DB26BA61CF008B096A /* rand_drbg.h */,
				E5C780DC26BA61CF008B096A /* md5.h */,
				E5C780DD26BA61CF008B096A /* pemerr.h */,
				E5C780DE26BA61CF008B096A /* x509_vfy.h */,
				E5C780DF26BA61CF008B096A /* txt_db.h */,
				E5C780E026BA61CF008B096A /* comperr.h */,
				E5C780E126BA61CF008B096A /* cterr.h */,
				E5C780E226BA61CF008B096A /* safestack.h */,
				E5C780E326BA61CF008B096A /* ecdsa.h */,
				E5C780E426BA61CF008B096A /* sslerr.h */,
				E5C780E526BA61CF008B096A /* rc5.h */,
				E5C780E626BA61CF008B096A /* uierr.h */,
				E5C780E726BA61CF008B096A /* x509v3err.h */,
				E5C780E826BA61CF008B096A /* objects.h */,
				E5C780E926BA61CF008B096A /* pkcs12.h */,
				E5C780EA26BA61CF008B096A /* crypto.h */,
				E5C780EB26BA61CF008B096A /* opensslv.h */,
				E5C780EC26BA61CF008B096A /* evperr.h */,
				E5C780ED26BA61CF008B096A /* pkcs7.h */,
				E5C780EE26BA61CF008B096A /* obj_mac.h */,
				E5C780EF26BA61CF008B096A /* ct.h */,
				E5C780F026BA61CF008B096A /* async.h */,
				E5C780F126BA61CF008B096A /* buffer.h */,
				E5C780F226BA61CF008B096A /* ssl.h */,
				E5C780F326BA61CF008B096A /* srp.h */,
				E5C780F426BA61CF008B096A /* camellia.h */,
				E5C780F526BA61CF008B096A /* dherr.h */,
				E5C780F626BA61CF008B096A /* evp.h */,
				E5C780F726BA61CF008B096A /* e_os2.h */,
				E5C780F826BA61CF008B096A /* md4.h */,
				E5C780F926BA61CF008B096A /* hmac.h */,
				E5C780FA26BA61CF008B096A /* aes.h */,
				E5C780FB26BA61CF008B096A /* engineerr.h */,
				E5C780FC26BA61CF008B096A /* comp.h */,
				E5C780FD26BA61CF008B096A /* pkcs12err.h */,
				E5C780FE26BA61CF008B096A /* cast.h */,
				E5C780FF26BA61CF008B096A /* rc4.h */,
				E5C7810026BA61CF008B096A /* stack.h */,
				E5C7810126BA61CF008B096A /* des.h */,
				E5C7810226BA61CF008B096A /* ocsp.h */,
				E5C7810326BA61CF008B096A /* ec.h */,
				E5C7810426BA61CF008B096A /* ecdh.h */,
				E5C7810526BA61CF008B096A /* rand.h */,
				E5C7810626BA61CF008B096A /* ecerr.h */,
				E5C7810726BA61CF008B096A /* ts.h */,
				E5C7810826BA61CF008B096A /* cryptoerr.h */,
				E5C7810926BA61CF008B096A /* storeerr.h */,
				E5C7810A26BA61CF008B096A /* buffererr.h */,
				E5C7810B26BA61CF008B096A /* seed.h */,
				E5C7810C26BA61CF008B096A /* modes.h */,
				E5C7810D26BA61CF008B096A /* ssl2.h */,
				E5C7810E26BA61CF008B096A /* tserr.h */,
				E5C7810F26BA61CF008B096A /* rsa.h */,
				E5C7811026BA61CF008B096A /* ripemd.h */,
				E5C7811126BA61CF008B096A /* whrlpool.h */,
				E5C7811226BA61CF008B096A /* tls1.h */,
				E5C7811326BA61CF008B096A /* rsaerr.h */,
				E5C7811426BA61CF008B096A /* randerr.h */,
				E5C7811526BA61CF008B096A /* mdc2.h */,
				E5C7811626BA61CF008B096A /* ocsperr.h */,
				E5C7811726BA61CF008B096A /* x509err.h */,
				E5C7811826BA61CF008B096A /* pkcs7err.h */,
				E5C7811926BA61CF008B096A /* dsa.h */,
				E5C7811A26BA61CF008B096A /* kdferr.h */,
				E5C7811B26BA61CF008B096A /* srtp.h */,
				E5C7811C26BA61CF008B096A /* asn1t.h */,
				E5C7811D26BA61CF008B096A /* dsaerr.h */,
				E5C7811E26BA61CF008B096A /* bnerr.h */,
				E5C7811F26BA61CF008B096A /* conferr.h */,
				E5C7812026BA61CF008B096A /* cmac.h */,
				E5C7812126BA61CF008B096A /* ebcdic.h */,
				E5C7812226BA61CF008B096A /* store.h */,
				E5C7812326BA61CF008B096A /* idea.h */,
				E5C7812426BA61CF008B096A /* lhash.h */,
				E5C7812526BA61CF008B096A /* asn1err.h */,
			);
			path = openssl;
			sourceTree = "<group>";
		};
		E5C7812626BA61CF008B096A /* openssl_lib */ = {
			isa = PBXGroup;
			children = (
				E5C7812726BA61CF008B096A /* libcrypto.a */,
				E5C7812826BA61CF008B096A /* libssl.a */,
			);
			path = openssl_lib;
			sourceTree = "<group>";
		};
/* End PBXGroup section */

/* Begin PBXHeadersBuildPhase section */
		E5A05A9826A6B78900B1B7FC /* Headers */ = {
			isa = PBXHeadersBuildPhase;
			buildActionMask = 2147483647;
			files = (
				E5C7818B26BA61CF008B096A /* cmac.h in Headers */,
				E5C7815A26BA61CF008B096A /* ct.h in Headers */,
				E5C7813C26BA61CF008B096A /* sha.h in Headers */,
				E5C7814F26BA61CF008B096A /* sslerr.h in Headers */,
				E5C7816926BA61CF008B096A /* cast.h in Headers */,
				E5C7814726BA61CF008B096A /* md5.h in Headers */,
				E5C7813E26BA61CF008B096A /* asn1.h in Headers */,
				E5C7818526BA61CF008B096A /* kdferr.h in Headers */,
				E5C7813226BA61CF008B096A /* bn.h in Headers */,
				E5C7817A26BA61CF008B096A /* rsa.h in Headers */,
				E5C7817C26BA61CF008B096A /* whrlpool.h in Headers */,
				E5C7816E26BA61CF008B096A /* ec.h in Headers */,
				E5C7815526BA61CF008B096A /* crypto.h in Headers */,
				E5C7815B26BA61CF008B096A /* async.h in Headers */,
				E5C7816526BA61CF008B096A /* aes.h in Headers */,
				E5C7818326BA61CF008B096A /* pkcs7err.h in Headers */,
				E5C7815F26BA61CF008B096A /* camellia.h in Headers */,
				E5C7816626BA61CF008B096A /* engineerr.h in Headers */,
				E5C7816726BA61CF008B096A /* comp.h in Headers */,
				E5C7813A26BA61CF008B096A /* cmserr.h in Headers */,
				E5C7818C26BA61CF008B096A /* ebcdic.h in Headers */,
				E5C7813926BA61CF008B096A /* objectserr.h in Headers */,
				E5C7817E26BA61CF008B096A /* rsaerr.h in Headers */,
				E5C7817126BA61CF008B096A /* ecerr.h in Headers */,
				E5C7813126BA61CF008B096A /* err.h in Headers */,
				E5C7813B26BA61CF008B096A /* ui.h in Headers */,
				E5C7817426BA61CF008B096A /* storeerr.h in Headers */,
				E5C7813726BA61CF008B096A /* x509.h in Headers */,
				E5C7813026BA61CF008B096A /* dtls1.h in Headers */,
				E5C7818126BA61CF008B096A /* ocsperr.h in Headers */,
				E5C7814226BA61CF008B096A /* rc2.h in Headers */,
				E5C7814526BA61CF008B096A /* conf.h in Headers */,
				E5C7815326BA61CF008B096A /* objects.h in Headers */,
				E5C7815226BA61CF008B096A /* x509v3err.h in Headers */,
				E5C7816F26BA61CF008B096A /* ecdh.h in Headers */,
				E5C7816426BA61CF008B096A /* hmac.h in Headers */,
				E5C7817326BA61CF008B096A /* cryptoerr.h in Headers */,
				E5C7813F26BA61CF008B096A /* bioerr.h in Headers */,
				E5C7818726BA61CF008B096A /* asn1t.h in Headers */,
				E5C7816D26BA61CF008B096A /* ocsp.h in Headers */,
				E5C7812D26BA61CF008B096A /* md2.h in Headers */,
				E5C7815726BA61CF008B096A /* evperr.h in Headers */,
				E5C7816126BA61CF008B096A /* evp.h in Headers */,
				E5C7814D26BA61CF008B096A /* safestack.h in Headers */,
				E5C7816326BA61CF008B096A /* md4.h in Headers */,
				E5C7818E26BA61CF008B096A /* idea.h in Headers */,
				E5C7814126BA61CF008B096A /* bio.h in Headers */,
				E5C7813826BA61CF008B096A /* asn1_mac.h in Headers */,
				E5C7818A26BA61CF008B096A /* conferr.h in Headers */,
				E5C7819026BA61CF008B096A /* asn1err.h in Headers */,
				E5C7816826BA61CF008B096A /* pkcs12err.h in Headers */,
				E5C7817826BA61CF008B096A /* ssl2.h in Headers */,
				E5C7814626BA61CF008B096A /* rand_drbg.h in Headers */,
				E5C7814026BA61CF008B096A /* opensslconf.h in Headers */,
				E5C7816026BA61CF008B096A /* dherr.h in Headers */,
				E5C7814826BA61CF008B096A /* pemerr.h in Headers */,
				E5C7818D26BA61CF008B096A /* store.h in Headers */,
				E5C7818626BA61CF008B096A /* srtp.h in Headers */,
				E5C7814C26BA61CF008B096A /* cterr.h in Headers */,
				E5C7812A26BA61CF008B096A /* kdf.h in Headers */,
				E5C7818926BA61CF008B096A /* bnerr.h in Headers */,
				E5C7812B26BA61CF008B096A /* pem.h in Headers */,
				E5C7815126BA61CF008B096A /* uierr.h in Headers */,
				E5C7814426BA61CF008B096A /* x509v3.h in Headers */,
				E5C7817026BA61CF008B096A /* rand.h in Headers */,
				E5C7817B26BA61CF008B096A /* ripemd.h in Headers */,
				E5C7818826BA61CF008B096A /* dsaerr.h in Headers */,
				E5C7818026BA61CF008B096A /* mdc2.h in Headers */,
				E5C7817626BA61CF008B096A /* seed.h in Headers */,
				E5C7816C26BA61CF008B096A /* des.h in Headers */,
				E5C7817226BA61CF008B096A /* ts.h in Headers */,
				E5C7814926BA61CF008B096A /* x509_vfy.h in Headers */,
				E5C7817726BA61CF008B096A /* modes.h in Headers */,
				E5C7815E26BA61CF008B096A /* srp.h in Headers */,
				E5C7815626BA61CF008B096A /* opensslv.h in Headers */,
				E5C7818226BA61CF008B096A /* x509err.h in Headers */,
				E5C7817926BA61CF008B096A /* tserr.h in Headers */,
				E5C7817526BA61CF008B096A /* buffererr.h in Headers */,
				E5C7816226BA61CF008B096A /* e_os2.h in Headers */,
				E5C7815426BA61CF008B096A /* pkcs12.h in Headers */,
				E5C7815C26BA61CF008B096A /* buffer.h in Headers */,
				E5C7813526BA61CF008B096A /* engine.h in Headers */,
				E5C7813D26BA61CF008B096A /* symhacks.h in Headers */,
				E5C7812E26BA61CF008B096A /* ssl3.h in Headers */,
				E5C7817F26BA61CF008B096A /* randerr.h in Headers */,
				E5C7812926BA61CF008B096A /* pem2.h in Headers */,
				E5C7818F26BA61CF008B096A /* lhash.h in Headers */,
				E5C7814B26BA61CF008B096A /* comperr.h in Headers */,
				E5C7813626BA61CF008B096A /* conf_api.h in Headers */,
				E5C7815826BA61CF008B096A /* pkcs7.h in Headers */,
				E5C7818426BA61CF008B096A /* dsa.h in Headers */,
				E5C7814326BA61CF008B096A /* dh.h in Headers */,
				E5C7815026BA61CF008B096A /* rc5.h in Headers */,
				E5C7814A26BA61CF008B096A /* txt_db.h in Headers */,
				E5C7812F26BA61CF008B096A /* ossl_typ.h in Headers */,
				E5C7817D26BA61CF008B096A /* tls1.h in Headers */,
				E5C7813426BA61CF008B096A /* cms.h in Headers */,
				E5A05AA326A6B78900B1B7FC /* PurchaseX.h in Headers */,
				E5C7815926BA61CF008B096A /* obj_mac.h in Headers */,
				E5C7814E26BA61CF008B096A /* ecdsa.h in Headers */,
				E5C7816A26BA61CF008B096A /* rc4.h in Headers */,
				E5C7815D26BA61CF008B096A /* ssl.h in Headers */,
				E5C7813326BA61CF008B096A /* blowfish.h in Headers */,
				E5C7812C26BA61CF008B096A /* asyncerr.h in Headers */,
				E5C7816B26BA61CF008B096A /* stack.h in Headers */,
			);
			runOnlyForDeploymentPostprocessing = 0;
		};
/* End PBXHeadersBuildPhase section */

/* Begin PBXNativeTarget section */
		E5A05A9C26A6B78900B1B7FC /* PurchaseX */ = {
			isa = PBXNativeTarget;
			buildConfigurationList = E5A05AA626A6B78900B1B7FC /* Build configuration list for PBXNativeTarget "PurchaseX" */;
			buildPhases = (
				E5A05A9826A6B78900B1B7FC /* Headers */,
				E5A05A9926A6B78900B1B7FC /* Sources */,
				E5A05A9A26A6B78900B1B7FC /* Frameworks */,
				E5A05A9B26A6B78900B1B7FC /* Resources */,
			);
			buildRules = (
			);
			dependencies = (
			);
			name = PurchaseX;
			productName = PurchaseX;
			productReference = E5A05A9D26A6B78900B1B7FC /* PurchaseX.framework */;
			productType = "com.apple.product-type.framework";
		};
/* End PBXNativeTarget section */

/* Begin PBXProject section */
		E5A05A9426A6B78900B1B7FC /* Project object */ = {
			isa = PBXProject;
			attributes = {
				BuildIndependentTargetsInParallel = 1;
				LastUpgradeCheck = 1300;
				TargetAttributes = {
					E5A05A9C26A6B78900B1B7FC = {
						CreatedOnToolsVersion = 13.0;
					};
				};
			};
			buildConfigurationList = E5A05A9726A6B78900B1B7FC /* Build configuration list for PBXProject "PurchaseX" */;
			compatibilityVersion = "Xcode 13.0";
			developmentRegion = en;
			hasScannedForEncodings = 0;
			knownRegions = (
				en,
				Base,
			);
			mainGroup = E5A05A9326A6B78900B1B7FC;
			productRefGroup = E5A05A9E26A6B78900B1B7FC /* Products */;
			projectDirPath = "";
			projectRoot = "";
			targets = (
				E5A05A9C26A6B78900B1B7FC /* PurchaseX */,
			);
		};
/* End PBXProject section */

/* Begin PBXResourcesBuildPhase section */
		E5A05A9B26A6B78900B1B7FC /* Resources */ = {
			isa = PBXResourcesBuildPhase;
			buildActionMask = 2147483647;
			files = (
			);
			runOnlyForDeploymentPostprocessing = 0;
		};
/* End PBXResourcesBuildPhase section */

/* Begin PBXSourcesBuildPhase section */
		E5A05A9926A6B78900B1B7FC /* Sources */ = {
			isa = PBXSourcesBuildPhase;
			buildActionMask = 2147483647;
			files = (
				E5A05AE626AA956200B1B7FC /* PXLog.swift in Sources */,
				E5A05AEA26AA96FA00B1B7FC /* PurchaseXException.swift in Sources */,
				E5A05AE826AA96DE00B1B7FC /* PurchaseXNotification.swift in Sources */,
				E5A05AA226A6B78900B1B7FC /* PurchaseX.docc in Sources */,
				E5A05ADC26A93E8500B1B7FC /* Configuration.swift in Sources */,
				E5A05AE326AA5A0E00B1B7FC /* PurchaseXState.swift in Sources */,
				E5A05ADF26A93EDC00B1B7FC /* PurchaseXManager.swift in Sources */,
				E571922126AEAF9A000097A9 /* PurchaseXDelegate.swift in Sources */,
			);
			runOnlyForDeploymentPostprocessing = 0;
		};
/* End PBXSourcesBuildPhase section */

/* Begin XCBuildConfiguration section */
		E5A05AA426A6B78900B1B7FC /* Debug */ = {
			isa = XCBuildConfiguration;
			buildSettings = {
				ALWAYS_SEARCH_USER_PATHS = NO;
				CLANG_ANALYZER_NONNULL = YES;
				CLANG_ANALYZER_NUMBER_OBJECT_CONVERSION = YES_AGGRESSIVE;
				CLANG_CXX_LANGUAGE_STANDARD = "gnu++14";
				CLANG_CXX_LIBRARY = "libc++";
				CLANG_ENABLE_MODULES = YES;
				CLANG_ENABLE_OBJC_ARC = YES;
				CLANG_ENABLE_OBJC_WEAK = YES;
				CLANG_WARN_BLOCK_CAPTURE_AUTORELEASING = YES;
				CLANG_WARN_BOOL_CONVERSION = YES;
				CLANG_WARN_COMMA = YES;
				CLANG_WARN_CONSTANT_CONVERSION = YES;
				CLANG_WARN_DEPRECATED_OBJC_IMPLEMENTATIONS = YES;
				CLANG_WARN_DIRECT_OBJC_ISA_USAGE = YES_ERROR;
				CLANG_WARN_DOCUMENTATION_COMMENTS = YES;
				CLANG_WARN_EMPTY_BODY = YES;
				CLANG_WARN_ENUM_CONVERSION = YES;
				CLANG_WARN_INFINITE_RECURSION = YES;
				CLANG_WARN_INT_CONVERSION = YES;
				CLANG_WARN_NON_LITERAL_NULL_CONVERSION = YES;
				CLANG_WARN_OBJC_IMPLICIT_RETAIN_SELF = YES;
				CLANG_WARN_OBJC_LITERAL_CONVERSION = YES;
				CLANG_WARN_OBJC_ROOT_CLASS = YES_ERROR;
				CLANG_WARN_QUOTED_INCLUDE_IN_FRAMEWORK_HEADER = YES;
				CLANG_WARN_RANGE_LOOP_ANALYSIS = YES;
				CLANG_WARN_STRICT_PROTOTYPES = YES;
				CLANG_WARN_SUSPICIOUS_MOVE = YES;
				CLANG_WARN_UNGUARDED_AVAILABILITY = YES_AGGRESSIVE;
				CLANG_WARN_UNREACHABLE_CODE = YES;
				CLANG_WARN__DUPLICATE_METHOD_MATCH = YES;
				COPY_PHASE_STRIP = NO;
				CURRENT_PROJECT_VERSION = 1;
				DEBUG_INFORMATION_FORMAT = dwarf;
				ENABLE_STRICT_OBJC_MSGSEND = YES;
				ENABLE_TESTABILITY = YES;
				GCC_C_LANGUAGE_STANDARD = gnu11;
				GCC_DYNAMIC_NO_PIC = NO;
				GCC_NO_COMMON_BLOCKS = YES;
				GCC_OPTIMIZATION_LEVEL = 0;
				GCC_PREPROCESSOR_DEFINITIONS = (
					"DEBUG=1",
					"$(inherited)",
				);
				GCC_WARN_64_TO_32_BIT_CONVERSION = YES;
				GCC_WARN_ABOUT_RETURN_TYPE = YES_ERROR;
				GCC_WARN_UNDECLARED_SELECTOR = YES;
				GCC_WARN_UNINITIALIZED_AUTOS = YES_AGGRESSIVE;
				GCC_WARN_UNUSED_FUNCTION = YES;
				GCC_WARN_UNUSED_VARIABLE = YES;
				IPHONEOS_DEPLOYMENT_TARGET = 15.0;
				MTL_ENABLE_DEBUG_INFO = INCLUDE_SOURCE;
				MTL_FAST_MATH = YES;
				ONLY_ACTIVE_ARCH = YES;
				SDKROOT = iphoneos;
				SWIFT_ACTIVE_COMPILATION_CONDITIONS = DEBUG;
				SWIFT_OPTIMIZATION_LEVEL = "-Onone";
				VERSIONING_SYSTEM = "apple-generic";
				VERSION_INFO_PREFIX = "";
			};
			name = Debug;
		};
		E5A05AA526A6B78900B1B7FC /* Release */ = {
			isa = XCBuildConfiguration;
			buildSettings = {
				ALWAYS_SEARCH_USER_PATHS = NO;
				CLANG_ANALYZER_NONNULL = YES;
				CLANG_ANALYZER_NUMBER_OBJECT_CONVERSION = YES_AGGRESSIVE;
				CLANG_CXX_LANGUAGE_STANDARD = "gnu++14";
				CLANG_CXX_LIBRARY = "libc++";
				CLANG_ENABLE_MODULES = YES;
				CLANG_ENABLE_OBJC_ARC = YES;
				CLANG_ENABLE_OBJC_WEAK = YES;
				CLANG_WARN_BLOCK_CAPTURE_AUTORELEASING = YES;
				CLANG_WARN_BOOL_CONVERSION = YES;
				CLANG_WARN_COMMA = YES;
				CLANG_WARN_CONSTANT_CONVERSION = YES;
				CLANG_WARN_DEPRECATED_OBJC_IMPLEMENTATIONS = YES;
				CLANG_WARN_DIRECT_OBJC_ISA_USAGE = YES_ERROR;
				CLANG_WARN_DOCUMENTATION_COMMENTS = YES;
				CLANG_WARN_EMPTY_BODY = YES;
				CLANG_WARN_ENUM_CONVERSION = YES;
				CLANG_WARN_INFINITE_RECURSION = YES;
				CLANG_WARN_INT_CONVERSION = YES;
				CLANG_WARN_NON_LITERAL_NULL_CONVERSION = YES;
				CLANG_WARN_OBJC_IMPLICIT_RETAIN_SELF = YES;
				CLANG_WARN_OBJC_LITERAL_CONVERSION = YES;
				CLANG_WARN_OBJC_ROOT_CLASS = YES_ERROR;
				CLANG_WARN_QUOTED_INCLUDE_IN_FRAMEWORK_HEADER = YES;
				CLANG_WARN_RANGE_LOOP_ANALYSIS = YES;
				CLANG_WARN_STRICT_PROTOTYPES = YES;
				CLANG_WARN_SUSPICIOUS_MOVE = YES;
				CLANG_WARN_UNGUARDED_AVAILABILITY = YES_AGGRESSIVE;
				CLANG_WARN_UNREACHABLE_CODE = YES;
				CLANG_WARN__DUPLICATE_METHOD_MATCH = YES;
				COPY_PHASE_STRIP = NO;
				CURRENT_PROJECT_VERSION = 1;
				DEBUG_INFORMATION_FORMAT = "dwarf-with-dsym";
				ENABLE_NS_ASSERTIONS = NO;
				ENABLE_STRICT_OBJC_MSGSEND = YES;
				GCC_C_LANGUAGE_STANDARD = gnu11;
				GCC_NO_COMMON_BLOCKS = YES;
				GCC_WARN_64_TO_32_BIT_CONVERSION = YES;
				GCC_WARN_ABOUT_RETURN_TYPE = YES_ERROR;
				GCC_WARN_UNDECLARED_SELECTOR = YES;
				GCC_WARN_UNINITIALIZED_AUTOS = YES_AGGRESSIVE;
				GCC_WARN_UNUSED_FUNCTION = YES;
				GCC_WARN_UNUSED_VARIABLE = YES;
				IPHONEOS_DEPLOYMENT_TARGET = 15.0;
				MTL_ENABLE_DEBUG_INFO = NO;
				MTL_FAST_MATH = YES;
				SDKROOT = iphoneos;
				SWIFT_COMPILATION_MODE = wholemodule;
				SWIFT_OPTIMIZATION_LEVEL = "-O";
				VALIDATE_PRODUCT = YES;
				VERSIONING_SYSTEM = "apple-generic";
				VERSION_INFO_PREFIX = "";
			};
			name = Release;
		};
		E5A05AA726A6B78900B1B7FC /* Debug */ = {
			isa = XCBuildConfiguration;
			buildSettings = {
				CODE_SIGN_STYLE = Automatic;
				CURRENT_PROJECT_VERSION = 1;
				DEFINES_MODULE = YES;
				DYLIB_COMPATIBILITY_VERSION = 1;
				DYLIB_CURRENT_VERSION = 1;
				DYLIB_INSTALL_NAME_BASE = "@rpath";
				GENERATE_INFOPLIST_FILE = YES;
				INFOPLIST_KEY_NSHumanReadableCopyright = "";
				INSTALL_PATH = "$(LOCAL_LIBRARY_DIR)/Frameworks";
				IPHONEOS_DEPLOYMENT_TARGET = 14.1;
				LD_RUNPATH_SEARCH_PATHS = (
					"$(inherited)",
					"@executable_path/Frameworks",
					"@loader_path/Frameworks",
				);
				LIBRARY_SEARCH_PATHS = (
					"$(inherited)",
					"$(PROJECT_DIR)/PurchaseX/lib/openssl_lib",
				);
				MARKETING_VERSION = 1.0;
				PRODUCT_BUNDLE_IDENTIFIER = com.snailgames.SnailAgreement.PurchaseX;
				PRODUCT_NAME = "$(TARGET_NAME:c99extidentifier)";
				SKIP_INSTALL = YES;
				SWIFT_EMIT_LOC_STRINGS = YES;
				SWIFT_VERSION = 5.0;
				TARGETED_DEVICE_FAMILY = "1,2";
			};
			name = Debug;
		};
		E5A05AA826A6B78900B1B7FC /* Release */ = {
			isa = XCBuildConfiguration;
			buildSettings = {
				CODE_SIGN_STYLE = Automatic;
				CURRENT_PROJECT_VERSION = 1;
				DEFINES_MODULE = YES;
				DYLIB_COMPATIBILITY_VERSION = 1;
				DYLIB_CURRENT_VERSION = 1;
				DYLIB_INSTALL_NAME_BASE = "@rpath";
				GENERATE_INFOPLIST_FILE = YES;
				INFOPLIST_KEY_NSHumanReadableCopyright = "";
				INSTALL_PATH = "$(LOCAL_LIBRARY_DIR)/Frameworks";
				IPHONEOS_DEPLOYMENT_TARGET = 14.1;
				LD_RUNPATH_SEARCH_PATHS = (
					"$(inherited)",
					"@executable_path/Frameworks",
					"@loader_path/Frameworks",
				);
				LIBRARY_SEARCH_PATHS = (
					"$(inherited)",
					"$(PROJECT_DIR)/PurchaseX/lib/openssl_lib",
				);
				MARKETING_VERSION = 1.0;
				PRODUCT_BUNDLE_IDENTIFIER = com.snailgames.SnailAgreement.PurchaseX;
				PRODUCT_NAME = "$(TARGET_NAME:c99extidentifier)";
				SKIP_INSTALL = YES;
				SWIFT_EMIT_LOC_STRINGS = YES;
				SWIFT_VERSION = 5.0;
				TARGETED_DEVICE_FAMILY = "1,2";
			};
			name = Release;
		};
/* End XCBuildConfiguration section */

/* Begin XCConfigurationList section */
		E5A05A9726A6B78900B1B7FC /* Build configuration list for PBXProject "PurchaseX" */ = {
			isa = XCConfigurationList;
			buildConfigurations = (
				E5A05AA426A6B78900B1B7FC /* Debug */,
				E5A05AA526A6B78900B1B7FC /* Release */,
			);
			defaultConfigurationIsVisible = 0;
			defaultConfigurationName = Release;
		};
		E5A05AA626A6B78900B1B7FC /* Build configuration list for PBXNativeTarget "PurchaseX" */ = {
			isa = XCConfigurationList;
			buildConfigurations = (
				E5A05AA726A6B78900B1B7FC /* Debug */,
				E5A05AA826A6B78900B1B7FC /* Release */,
			);
			defaultConfigurationIsVisible = 0;
			defaultConfigurationName = Release;
		};
/* End XCConfigurationList section */
	};
	rootObject = E5A05A9426A6B78900B1B7FC /* Project object */;
}
